
Microsoft Visual Studio Solution File, Format Version 12.00
# Visual Studio 15
VisualStudioVersion = 15.0.28010.2048
MinimumVisualStudioVersion = 10.0.40219.1
Project("{FAE04EC0-301F-11D3-BF4B-00C04F79EFBC}") = "App7.Android", "App7\App7.Android\App7.Android.csproj", "{D651D984-C563-4807-BBEF-BD734DCC38A2}"
EndProject
Project("{FAE04EC0-301F-11D3-BF4B-00C04F79EFBC}") = "App7.iOS", "App7\App7.iOS\App7.iOS.csproj", "{8F5636C3-0043-47CD-9987-0197CE1E9330}"
EndProject
Project("{FAE04EC0-301F-11D3-BF4B-00C04F79EFBC}") = "App7", "App7\App7\App7.csproj", "{579BBEA5-3FE9-4A10-A715-B0362426AEE5}"
EndProject
Global
	GlobalSection(SolutionConfigurationPlatforms) = preSolution
		Ad-Hoc|Any CPU = Ad-Hoc|Any CPU
		Ad-Hoc|iPhone = Ad-Hoc|iPhone
		Ad-Hoc|iPhoneSimulator = Ad-Hoc|iPhoneSimulator
		AppStore|Any CPU = AppStore|Any CPU
		AppStore|iPhone = AppStore|iPhone
		AppStore|iPhoneSimulator = AppStore|iPhoneSimulator
		Debug|Any CPU = Debug|Any CPU
		Debug|iPhone = Debug|iPhone
		Debug|iPhoneSimulator = Debug|iPhoneSimulator
		Release|Any CPU = Release|Any CPU
		Release|iPhone = Release|iPhone
		Release|iPhoneSimulator = Release|iPhoneSimulator
	EndGlobalSection
	GlobalSection(ProjectConfigurationPlatforms) = postSolution
		{D651D984-C563-4807-BBEF-BD734DCC38A2}.Ad-Hoc|Any CPU.ActiveCfg = Release|Any CPU
		{D651D984-C563-4807-BBEF-BD734DCC38A2}.Ad-Hoc|Any CPU.Build.0 = Release|Any CPU
		{D651D984-C563-4807-BBEF-BD734DCC38A2}.Ad-Hoc|Any CPU.Deploy.0 = Release|Any CPU
		{D651D984-C563-4807-BBEF-BD734DCC38A2}.Ad-Hoc|iPhone.ActiveCfg = Release|Any CPU
		{D651D984-C563-4807-BBEF-BD734DCC38A2}.Ad-Hoc|iPhone.Build.0 = Release|Any CPU
		{D651D984-C563-4807-BBEF-BD734DCC38A2}.Ad-Hoc|iPhone.Deploy.0 = Release|Any CPU
		{D651D984-C563-4807-BBEF-BD734DCC38A2}.Ad-Hoc|iPhoneSimulator.ActiveCfg = Release|Any CPU
		{D651D984-C563-4807-BBEF-BD734DCC38A2}.Ad-Hoc|iPhoneSimulator.Build.0 = Release|Any CPU
		{D651D984-C563-4807-BBEF-BD734DCC38A2}.Ad-Hoc|iPhoneSimulator.Deploy.0 = Release|Any CPU
		{D651D984-C563-4807-BBEF-BD734DCC38A2}.AppStore|Any CPU.ActiveCfg = Release|Any CPU
		{D651D984-C563-4807-BBEF-BD734DCC38A2}.AppStore|Any CPU.Build.0 = Release|Any CPU
		{D651D984-C563-4807-BBEF-BD734DCC38A2}.AppStore|Any CPU.Deploy.0 = Release|Any CPU
		{D651D984-C563-4807-BBEF-BD734DCC38A2}.AppStore|iPhone.ActiveCfg = Release|Any CPU
		{D651D984-C563-4807-BBEF-BD734DCC38A2}.AppStore|iPhone.Build.0 = Release|Any CPU
		{D651D984-C563-4807-BBEF-BD734DCC38A2}.AppStore|iPhone.Deploy.0 = Release|Any CPU
		{D651D984-C563-4807-BBEF-BD734DCC38A2}.AppStore|iPhoneSimulator.ActiveCfg = Release|Any CPU
		{D651D984-C563-4807-BBEF-BD734DCC38A2}.AppStore|iPhoneSimulator.Build.0 = Release|Any CPU
		{D651D984-C563-4807-BBEF-BD734DCC38A2}.AppStore|iPhoneSimulator.Deploy.0 = Release|Any CPU
		{D651D984-C563-4807-BBEF-BD734DCC38A2}.Debug|Any CPU.ActiveCfg = Debug|Any CPU
		{D651D984-C563-4807-BBEF-BD734DCC38A2}.Debug|Any CPU.Build.0 = Debug|Any CPU
		{D651D984-C563-4807-BBEF-BD734DCC38A2}.Debug|Any CPU.Deploy.0 = Debug|Any CPU
		{D651D984-C563-4807-BBEF-BD734DCC38A2}.Debug|iPhone.ActiveCfg = Debug|Any CPU
		{D651D984-C563-4807-BBEF-BD734DCC38A2}.Debug|iPhone.Build.0 = Debug|Any CPU
		{D651D984-C563-4807-BBEF-BD734DCC38A2}.Debug|iPhone.Deploy.0 = Debug|Any CPU
		{D651D984-C563-4807-BBEF-BD734DCC38A2}.Debug|iPhoneSimulator.ActiveCfg = Debug|Any CPU
		{D651D984-C563-4807-BBEF-BD734DCC38A2}.Debug|iPhoneSimulator.Build.0 = Debug|Any CPU
		{D651D984-C563-4807-BBEF-BD734DCC38A2}.Debug|iPhoneSimulator.Deploy.0 = Debug|Any CPU
		{D651D984-C563-4807-BBEF-BD734DCC38A2}.Release|Any CPU.ActiveCfg = Release|Any CPU
		{D651D984-C563-4807-BBEF-BD734DCC38A2}.Release|Any CPU.Build.0 = Release|Any CPU
		{D651D984-C563-4807-BBEF-BD734DCC38A2}.Release|Any CPU.Deploy.0 = Release|Any CPU
		{D651D984-C563-4807-BBEF-BD734DCC38A2}.Release|iPhone.ActiveCfg = Release|Any CPU
		{D651D984-C563-4807-BBEF-BD734DCC38A2}.Release|iPhone.Build.0 = Release|Any CPU
		{D651D984-C563-4807-BBEF-BD734DCC38A2}.Release|iPhone.Deploy.0 = Release|Any CPU
		{D651D984-C563-4807-BBEF-BD734DCC38A2}.Release|iPhoneSimulator.ActiveCfg = Release|Any CPU
		{D651D984-C563-4807-BBEF-BD734DCC38A2}.Release|iPhoneSimulator.Build.0 = Release|Any CPU
		{D651D984-C563-4807-BBEF-BD734DCC38A2}.Release|iPhoneSimulator.Deploy.0 = Release|Any CPU
		{8F5636C3-0043-47CD-9987-0197CE1E9330}.Ad-Hoc|Any CPU.ActiveCfg = Ad-Hoc|iPhone
		{8F5636C3-0043-47CD-9987-0197CE1E9330}.Ad-Hoc|Any CPU.Build.0 = Ad-Hoc|iPhone
		{8F5636C3-0043-47CD-9987-0197CE1E9330}.Ad-Hoc|Any CPU.Deploy.0 = Ad-Hoc|iPhone
		{8F5636C3-0043-47CD-9987-0197CE1E9330}.Ad-Hoc|iPhone.ActiveCfg = Ad-Hoc|iPhone
		{8F5636C3-0043-47CD-9987-0197CE1E9330}.Ad-Hoc|iPhone.Build.0 = Ad-Hoc|iPhone
		{8F5636C3-0043-47CD-9987-0197CE1E9330}.Ad-Hoc|iPhone.Deploy.0 = Ad-Hoc|iPhone
		{8F5636C3-0043-47CD-9987-0197CE1E9330}.Ad-Hoc|iPhoneSimulator.ActiveCfg = Ad-Hoc|iPhoneSimulator
		{8F5636C3-0043-47CD-9987-0197CE1E9330}.Ad-Hoc|iPhoneSimulator.Build.0 = Ad-Hoc|iPhoneSimulator
		{8F5636C3-0043-47CD-9987-0197CE1E9330}.Ad-Hoc|iPhoneSimulator.Deploy.0 = Ad-Hoc|iPhoneSimulator
		{8F5636C3-0043-47CD-9987-0197CE1E9330}.AppStore|Any CPU.ActiveCfg = AppStore|iPhone
		{8F5636C3-0043-47CD-9987-0197CE1E9330}.AppStore|Any CPU.Build.0 = AppStore|iPhone
		{8F5636C3-0043-47CD-9987-0197CE1E9330}.AppStore|Any CPU.Deploy.0 = AppStore|iPhone
		{8F5636C3-0043-47CD-9987-0197CE1E9330}.AppStore|iPhone.ActiveCfg = AppStore|iPhone
		{8F5636C3-0043-47CD-9987-0197CE1E9330}.AppStore|iPhone.Build.0 = AppStore|iPhone
		{8F5636C3-0043-47CD-9987-0197CE1E9330}.AppStore|iPhone.Deploy.0 = AppStore|iPhone
		{8F5636C3-0043-47CD-9987-0197CE1E9330}.AppStore|iPhoneSimulator.ActiveCfg = AppStore|iPhoneSimulator
		{8F5636C3-0043-47CD-9987-0197CE1E9330}.AppStore|iPhoneSimulator.Build.0 = AppStore|iPhoneSimulator
		{8F5636C3-0043-47CD-9987-0197CE1E9330}.AppStore|iPhoneSimulator.Deploy.0 = AppStore|iPhoneSimulator
		{8F5636C3-0043-47CD-9987-0197CE1E9330}.Debug|Any CPU.ActiveCfg = Debug|iPhoneSimulator
		{8F5636C3-0043-47CD-9987-0197CE1E9330}.Debug|Any CPU.Build.0 = Debug|iPhoneSimulator
		{8F5636C3-0043-47CD-9987-0197CE1E9330}.Debug|Any CPU.Deploy.0 = Debug|iPhoneSimulator
		{8F5636C3-0043-47CD-9987-0197CE1E9330}.Debug|iPhone.ActiveCfg = Debug|iPhone
		{8F5636C3-0043-47CD-9987-0197CE1E9330}.Debug|iPhone.Build.0 = Debug|iPhone
		{8F5636C3-0043-47CD-9987-0197CE1E9330}.Debug|iPhone.Deploy.0 = Debug|iPhone
		{8F5636C3-0043-47CD-9987-0197CE1E9330}.Debug|iPhoneSimulator.ActiveCfg = Debug|iPhoneSimulator
		{8F5636C3-0043-47CD-9987-0197CE1E9330}.Debug|iPhoneSimulator.Build.0 = Debug|iPhoneSimulator
		{8F5636C3-0043-47CD-9987-0197CE1E9330}.Debug|iPhoneSimulator.Deploy.0 = Debug|iPhoneSimulator
		{8F5636C3-0043-47CD-9987-0197CE1E9330}.Release|Any CPU.ActiveCfg = Release|iPhone
		{8F5636C3-0043-47CD-9987-0197CE1E9330}.Release|Any CPU.Build.0 = Release|iPhone
		{8F5636C3-0043-47CD-9987-0197CE1E9330}.Release|Any CPU.Deploy.0 = Release|iPhone
		{8F5636C3-0043-47CD-9987-0197CE1E9330}.Release|iPhone.ActiveCfg = Release|iPhone
		{8F5636C3-0043-47CD-9987-0197CE1E9330}.Release|iPhone.Build.0 = Release|iPhone
		{8F5636C3-0043-47CD-9987-0197CE1E9330}.Release|iPhone.Deploy.0 = Release|iPhone
		{8F5636C3-0043-47CD-9987-0197CE1E9330}.Release|iPhoneSimulator.ActiveCfg = Release|iPhoneSimulator
		{8F5636C3-0043-47CD-9987-0197CE1E9330}.Release|iPhoneSimulator.Build.0 = Release|iPhoneSimulator
		{8F5636C3-0043-47CD-9987-0197CE1E9330}.Release|iPhoneSimulator.Deploy.0 = Release|iPhoneSimulator
		{579BBEA5-3FE9-4A10-A715-B0362426AEE5}.Ad-Hoc|Any CPU.ActiveCfg = Debug|Any CPU
		{579BBEA5-3FE9-4A10-A715-B0362426AEE5}.Ad-Hoc|Any CPU.Build.0 = Debug|Any CPU
		{579BBEA5-3FE9-4A10-A715-B0362426AEE5}.Ad-Hoc|Any CPU.Deploy.0 = Debug|Any CPU
		{579BBEA5-3FE9-4A10-A715-B0362426AEE5}.Ad-Hoc|iPhone.ActiveCfg = Debug|Any CPU
		{579BBEA5-3FE9-4A10-A715-B0362426AEE5}.Ad-Hoc|iPhone.Build.0 = Debug|Any CPU
		{579BBEA5-3FE9-4A10-A715-B0362426AEE5}.Ad-Hoc|iPhone.Deploy.0 = Debug|Any CPU
		{579BBEA5-3FE9-4A10-A715-B0362426AEE5}.Ad-Hoc|iPhoneSimulator.ActiveCfg = Debug|Any CPU
		{579BBEA5-3FE9-4A10-A715-B0362426AEE5}.Ad-Hoc|iPhoneSimulator.Build.0 = Debug|Any CPU
		{579BBEA5-3FE9-4A10-A715-B0362426AEE5}.Ad-Hoc|iPhoneSimulator.Deploy.0 = Debug|Any CPU
		{579BBEA5-3FE9-4A10-A715-B0362426AEE5}.AppStore|Any CPU.ActiveCfg = Debug|Any CPU
		{579BBEA5-3FE9-4A10-A715-B0362426AEE5}.AppStore|Any CPU.Build.0 = Debug|Any CPU
		{579BBEA5-3FE9-4A10-A715-B0362426AEE5}.AppStore|Any CPU.Deploy.0 = Debug|Any CPU
		{579BBEA5-3FE9-4A10-A715-B0362426AEE5}.AppStore|iPhone.ActiveCfg = Debug|Any CPU
		{579BBEA5-3FE9-4A10-A715-B0362426AEE5}.AppStore|iPhone.Build.0 = Debug|Any CPU
		{579BBEA5-3FE9-4A10-A715-B0362426AEE5}.AppStore|iPhone.Deploy.0 = Debug|Any CPU
		{579BBEA5-3FE9-4A10-A715-B0362426AEE5}.AppStore|iPhoneSimulator.ActiveCfg = Debug|Any CPU
		{579BBEA5-3FE9-4A10-A715-B0362426AEE5}.AppStore|iPhoneSimulator.Build.0 = Debug|Any CPU
		{579BBEA5-3FE9-4A10-A715-B0362426AEE5}.AppStore|iPhoneSimulator.Deploy.0 = Debug|Any CPU
		{579BBEA5-3FE9-4A10-A715-B0362426AEE5}.Debug|Any CPU.ActiveCfg = Debug|Any CPU
		{579BBEA5-3FE9-4A10-A715-B0362426AEE5}.Debug|Any CPU.Build.0 = Debug|Any CPU
		{579BBEA5-3FE9-4A10-A715-B0362426AEE5}.Debug|Any CPU.Deploy.0 = Debug|Any CPU
		{579BBEA5-3FE9-4A10-A715-B0362426AEE5}.Debug|iPhone.ActiveCfg = Debug|Any CPU
		{579BBEA5-3FE9-4A10-A715-B0362426AEE5}.Debug|iPhone.Build.0 = Debug|Any CPU
		{579BBEA5-3FE9-4A10-A715-B0362426AEE5}.Debug|iPhone.Deploy.0 = Debug|Any CPU
		{579BBEA5-3FE9-4A10-A715-B0362426AEE5}.Debug|iPhoneSimulator.ActiveCfg = Debug|Any CPU
		{579BBEA5-3FE9-4A10-A715-B0362426AEE5}.Debug|iPhoneSimulator.Build.0 = Debug|Any CPU
		{579BBEA5-3FE9-4A10-A715-B0362426AEE5}.Debug|iPhoneSimulator.Deploy.0 = Debug|Any CPU
		{579BBEA5-3FE9-4A10-A715-B0362426AEE5}.Release|Any CPU.ActiveCfg = Release|Any CPU
		{579BBEA5-3FE9-4A10-A715-B0362426AEE5}.Release|Any CPU.Build.0 = Release|Any CPU
		{579BBEA5-3FE9-4A10-A715-B0362426AEE5}.Release|Any CPU.Deploy.0 = Release|Any CPU
		{579BBEA5-3FE9-4A10-A715-B0362426AEE5}.Release|iPhone.ActiveCfg = Release|Any CPU
		{579BBEA5-3FE9-4A10-A715-B0362426AEE5}.Release|iPhone.Build.0 = Release|Any CPU
		{579BBEA5-3FE9-4A10-A715-B0362426AEE5}.Release|iPhone.Deploy.0 = Release|Any CPU
		{579BBEA5-3FE9-4A10-A715-B0362426AEE5}.Release|iPhoneSimulator.ActiveCfg = Release|Any CPU
		{579BBEA5-3FE9-4A10-A715-B0362426AEE5}.Release|iPhoneSimulator.Build.0 = Release|Any CPU
		{579BBEA5-3FE9-4A10-A715-B0362426AEE5}.Release|iPhoneSimulator.Deploy.0 = Release|Any CPU
	EndGlobalSection
	GlobalSection(SolutionProperties) = preSolution
		HideSolutionNode = FALSE
	EndGlobalSection
	GlobalSection(ExtensibilityGlobals) = postSolution
		SolutionGuid = {7526E400-19D7-474F-BB80-41D501B75A3D}
	EndGlobalSection
EndGlobal
