
Microsoft Visual Studio Solution File, Format Version 12.00
# Visual Studio 15
VisualStudioVersion = 15.0.28010.2048
MinimumVisualStudioVersion = 10.0.40219.1
Project("{FAE04EC0-301F-11D3-BF4B-00C04F79EFBC}") = "ViewtoView.Android", "ViewtoView\ViewtoView.Android\ViewtoView.Android.csproj", "{2CBDA7BF-1D06-4182-8C00-E8614D74B3F3}"
EndProject
Project("{FAE04EC0-301F-11D3-BF4B-00C04F79EFBC}") = "ViewtoView.iOS", "ViewtoView\ViewtoView.iOS\ViewtoView.iOS.csproj", "{1908BF55-A486-49BA-AC50-DB5B9A73FF7A}"
EndProject
Project("{FAE04EC0-301F-11D3-BF4B-00C04F79EFBC}") = "ViewtoView", "ViewtoView\ViewtoView\ViewtoView.csproj", "{1DDCAFEA-DFD8-4AF2-A23D-950FA06B755F}"
EndProject
Global
	GlobalSection(SolutionConfigurationPlatforms) = preSolution
		Ad-Hoc|Any CPU = Ad-Hoc|Any CPU
		Ad-Hoc|iPhone = Ad-Hoc|iPhone
		Ad-Hoc|iPhoneSimulator = Ad-Hoc|iPhoneSimulator
		AppStore|Any CPU = AppStore|Any CPU
		AppStore|iPhone = AppStore|iPhone
		AppStore|iPhoneSimulator = AppStore|iPhoneSimulator
		Debug|Any CPU = Debug|Any CPU
		Debug|iPhone = Debug|iPhone
		Debug|iPhoneSimulator = Debug|iPhoneSimulator
		Release|Any CPU = Release|Any CPU
		Release|iPhone = Release|iPhone
		Release|iPhoneSimulator = Release|iPhoneSimulator
	EndGlobalSection
	GlobalSection(ProjectConfigurationPlatforms) = postSolution
		{2CBDA7BF-1D06-4182-8C00-E8614D74B3F3}.Ad-Hoc|Any CPU.ActiveCfg = Release|Any CPU
		{2CBDA7BF-1D06-4182-8C00-E8614D74B3F3}.Ad-Hoc|Any CPU.Build.0 = Release|Any CPU
		{2CBDA7BF-1D06-4182-8C00-E8614D74B3F3}.Ad-Hoc|Any CPU.Deploy.0 = Release|Any CPU
		{2CBDA7BF-1D06-4182-8C00-E8614D74B3F3}.Ad-Hoc|iPhone.ActiveCfg = Release|Any CPU
		{2CBDA7BF-1D06-4182-8C00-E8614D74B3F3}.Ad-Hoc|iPhone.Build.0 = Release|Any CPU
		{2CBDA7BF-1D06-4182-8C00-E8614D74B3F3}.Ad-Hoc|iPhone.Deploy.0 = Release|Any CPU
		{2CBDA7BF-1D06-4182-8C00-E8614D74B3F3}.Ad-Hoc|iPhoneSimulator.ActiveCfg = Release|Any CPU
		{2CBDA7BF-1D06-4182-8C00-E8614D74B3F3}.Ad-Hoc|iPhoneSimulator.Build.0 = Release|Any CPU
		{2CBDA7BF-1D06-4182-8C00-E8614D74B3F3}.Ad-Hoc|iPhoneSimulator.Deploy.0 = Release|Any CPU
		{2CBDA7BF-1D06-4182-8C00-E8614D74B3F3}.AppStore|Any CPU.ActiveCfg = Release|Any CPU
		{2CBDA7BF-1D06-4182-8C00-E8614D74B3F3}.AppStore|Any CPU.Build.0 = Release|Any CPU
		{2CBDA7BF-1D06-4182-8C00-E8614D74B3F3}.AppStore|Any CPU.Deploy.0 = Release|Any CPU
		{2CBDA7BF-1D06-4182-8C00-E8614D74B3F3}.AppStore|iPhone.ActiveCfg = Release|Any CPU
		{2CBDA7BF-1D06-4182-8C00-E8614D74B3F3}.AppStore|iPhone.Build.0 = Release|Any CPU
		{2CBDA7BF-1D06-4182-8C00-E8614D74B3F3}.AppStore|iPhone.Deploy.0 = Release|Any CPU
		{2CBDA7BF-1D06-4182-8C00-E8614D74B3F3}.AppStore|iPhoneSimulator.ActiveCfg = Release|Any CPU
		{2CBDA7BF-1D06-4182-8C00-E8614D74B3F3}.AppStore|iPhoneSimulator.Build.0 = Release|Any CPU
		{2CBDA7BF-1D06-4182-8C00-E8614D74B3F3}.AppStore|iPhoneSimulator.Deploy.0 = Release|Any CPU
		{2CBDA7BF-1D06-4182-8C00-E8614D74B3F3}.Debug|Any CPU.ActiveCfg = Debug|Any CPU
		{2CBDA7BF-1D06-4182-8C00-E8614D74B3F3}.Debug|Any CPU.Build.0 = Debug|Any CPU
		{2CBDA7BF-1D06-4182-8C00-E8614D74B3F3}.Debug|Any CPU.Deploy.0 = Debug|Any CPU
		{2CBDA7BF-1D06-4182-8C00-E8614D74B3F3}.Debug|iPhone.ActiveCfg = Debug|Any CPU
		{2CBDA7BF-1D06-4182-8C00-E8614D74B3F3}.Debug|iPhone.Build.0 = Debug|Any CPU
		{2CBDA7BF-1D06-4182-8C00-E8614D74B3F3}.Debug|iPhone.Deploy.0 = Debug|Any CPU
		{2CBDA7BF-1D06-4182-8C00-E8614D74B3F3}.Debug|iPhoneSimulator.ActiveCfg = Debug|Any CPU
		{2CBDA7BF-1D06-4182-8C00-E8614D74B3F3}.Debug|iPhoneSimulator.Build.0 = Debug|Any CPU
		{2CBDA7BF-1D06-4182-8C00-E8614D74B3F3}.Debug|iPhoneSimulator.Deploy.0 = Debug|Any CPU
		{2CBDA7BF-1D06-4182-8C00-E8614D74B3F3}.Release|Any CPU.ActiveCfg = Release|Any CPU
		{2CBDA7BF-1D06-4182-8C00-E8614D74B3F3}.Release|Any CPU.Build.0 = Release|Any CPU
		{2CBDA7BF-1D06-4182-8C00-E8614D74B3F3}.Release|Any CPU.Deploy.0 = Release|Any CPU
		{2CBDA7BF-1D06-4182-8C00-E8614D74B3F3}.Release|iPhone.ActiveCfg = Release|Any CPU
		{2CBDA7BF-1D06-4182-8C00-E8614D74B3F3}.Release|iPhone.Build.0 = Release|Any CPU
		{2CBDA7BF-1D06-4182-8C00-E8614D74B3F3}.Release|iPhone.Deploy.0 = Release|Any CPU
		{2CBDA7BF-1D06-4182-8C00-E8614D74B3F3}.Release|iPhoneSimulator.ActiveCfg = Release|Any CPU
		{2CBDA7BF-1D06-4182-8C00-E8614D74B3F3}.Release|iPhoneSimulator.Build.0 = Release|Any CPU
		{2CBDA7BF-1D06-4182-8C00-E8614D74B3F3}.Release|iPhoneSimulator.Deploy.0 = Release|Any CPU
		{1908BF55-A486-49BA-AC50-DB5B9A73FF7A}.Ad-Hoc|Any CPU.ActiveCfg = Ad-Hoc|iPhone
		{1908BF55-A486-49BA-AC50-DB5B9A73FF7A}.Ad-Hoc|Any CPU.Build.0 = Ad-Hoc|iPhone
		{1908BF55-A486-49BA-AC50-DB5B9A73FF7A}.Ad-Hoc|Any CPU.Deploy.0 = Ad-Hoc|iPhone
		{1908BF55-A486-49BA-AC50-DB5B9A73FF7A}.Ad-Hoc|iPhone.ActiveCfg = Ad-Hoc|iPhone
		{1908BF55-A486-49BA-AC50-DB5B9A73FF7A}.Ad-Hoc|iPhone.Build.0 = Ad-Hoc|iPhone
		{1908BF55-A486-49BA-AC50-DB5B9A73FF7A}.Ad-Hoc|iPhone.Deploy.0 = Ad-Hoc|iPhone
		{1908BF55-A486-49BA-AC50-DB5B9A73FF7A}.Ad-Hoc|iPhoneSimulator.ActiveCfg = Ad-Hoc|iPhoneSimulator
		{1908BF55-A486-49BA-AC50-DB5B9A73FF7A}.Ad-Hoc|iPhoneSimulator.Build.0 = Ad-Hoc|iPhoneSimulator
		{1908BF55-A486-49BA-AC50-DB5B9A73FF7A}.Ad-Hoc|iPhoneSimulator.Deploy.0 = Ad-Hoc|iPhoneSimulator
		{1908BF55-A486-49BA-AC50-DB5B9A73FF7A}.AppStore|Any CPU.ActiveCfg = AppStore|iPhone
		{1908BF55-A486-49BA-AC50-DB5B9A73FF7A}.AppStore|Any CPU.Build.0 = AppStore|iPhone
		{1908BF55-A486-49BA-AC50-DB5B9A73FF7A}.AppStore|Any CPU.Deploy.0 = AppStore|iPhone
		{1908BF55-A486-49BA-AC50-DB5B9A73FF7A}.AppStore|iPhone.ActiveCfg = AppStore|iPhone
		{1908BF55-A486-49BA-AC50-DB5B9A73FF7A}.AppStore|iPhone.Build.0 = AppStore|iPhone
		{1908BF55-A486-49BA-AC50-DB5B9A73FF7A}.AppStore|iPhone.Deploy.0 = AppStore|iPhone
		{1908BF55-A486-49BA-AC50-DB5B9A73FF7A}.AppStore|iPhoneSimulator.ActiveCfg = AppStore|iPhoneSimulator
		{1908BF55-A486-49BA-AC50-DB5B9A73FF7A}.AppStore|iPhoneSimulator.Build.0 = AppStore|iPhoneSimulator
		{1908BF55-A486-49BA-AC50-DB5B9A73FF7A}.AppStore|iPhoneSimulator.Deploy.0 = AppStore|iPhoneSimulator
		{1908BF55-A486-49BA-AC50-DB5B9A73FF7A}.Debug|Any CPU.ActiveCfg = Debug|iPhoneSimulator
		{1908BF55-A486-49BA-AC50-DB5B9A73FF7A}.Debug|Any CPU.Build.0 = Debug|iPhoneSimulator
		{1908BF55-A486-49BA-AC50-DB5B9A73FF7A}.Debug|Any CPU.Deploy.0 = Debug|iPhoneSimulator
		{1908BF55-A486-49BA-AC50-DB5B9A73FF7A}.Debug|iPhone.ActiveCfg = Debug|iPhone
		{1908BF55-A486-49BA-AC50-DB5B9A73FF7A}.Debug|iPhone.Build.0 = Debug|iPhone
		{1908BF55-A486-49BA-AC50-DB5B9A73FF7A}.Debug|iPhone.Deploy.0 = Debug|iPhone
		{1908BF55-A486-49BA-AC50-DB5B9A73FF7A}.Debug|iPhoneSimulator.ActiveCfg = Debug|iPhoneSimulator
		{1908BF55-A486-49BA-AC50-DB5B9A73FF7A}.Debug|iPhoneSimulator.Build.0 = Debug|iPhoneSimulator
		{1908BF55-A486-49BA-AC50-DB5B9A73FF7A}.Debug|iPhoneSimulator.Deploy.0 = Debug|iPhoneSimulator
		{1908BF55-A486-49BA-AC50-DB5B9A73FF7A}.Release|Any CPU.ActiveCfg = Release|iPhone
		{1908BF55-A486-49BA-AC50-DB5B9A73FF7A}.Release|Any CPU.Build.0 = Release|iPhone
		{1908BF55-A486-49BA-AC50-DB5B9A73FF7A}.Release|Any CPU.Deploy.0 = Release|iPhone
		{1908BF55-A486-49BA-AC50-DB5B9A73FF7A}.Release|iPhone.ActiveCfg = Release|iPhone
		{1908BF55-A486-49BA-AC50-DB5B9A73FF7A}.Release|iPhone.Build.0 = Release|iPhone
		{1908BF55-A486-49BA-AC50-DB5B9A73FF7A}.Release|iPhone.Deploy.0 = Release|iPhone
		{1908BF55-A486-49BA-AC50-DB5B9A73FF7A}.Release|iPhoneSimulator.ActiveCfg = Release|iPhoneSimulator
		{1908BF55-A486-49BA-AC50-DB5B9A73FF7A}.Release|iPhoneSimulator.Build.0 = Release|iPhoneSimulator
		{1908BF55-A486-49BA-AC50-DB5B9A73FF7A}.Release|iPhoneSimulator.Deploy.0 = Release|iPhoneSimulator
		{1DDCAFEA-DFD8-4AF2-A23D-950FA06B755F}.Ad-Hoc|Any CPU.ActiveCfg = Debug|Any CPU
		{1DDCAFEA-DFD8-4AF2-A23D-950FA06B755F}.Ad-Hoc|Any CPU.Build.0 = Debug|Any CPU
		{1DDCAFEA-DFD8-4AF2-A23D-950FA06B755F}.Ad-Hoc|Any CPU.Deploy.0 = Debug|Any CPU
		{1DDCAFEA-DFD8-4AF2-A23D-950FA06B755F}.Ad-Hoc|iPhone.ActiveCfg = Debug|Any CPU
		{1DDCAFEA-DFD8-4AF2-A23D-950FA06B755F}.Ad-Hoc|iPhone.Build.0 = Debug|Any CPU
		{1DDCAFEA-DFD8-4AF2-A23D-950FA06B755F}.Ad-Hoc|iPhone.Deploy.0 = Debug|Any CPU
		{1DDCAFEA-DFD8-4AF2-A23D-950FA06B755F}.Ad-Hoc|iPhoneSimulator.ActiveCfg = Debug|Any CPU
		{1DDCAFEA-DFD8-4AF2-A23D-950FA06B755F}.Ad-Hoc|iPhoneSimulator.Build.0 = Debug|Any CPU
		{1DDCAFEA-DFD8-4AF2-A23D-950FA06B755F}.Ad-Hoc|iPhoneSimulator.Deploy.0 = Debug|Any CPU
		{1DDCAFEA-DFD8-4AF2-A23D-950FA06B755F}.AppStore|Any CPU.ActiveCfg = Debug|Any CPU
		{1DDCAFEA-DFD8-4AF2-A23D-950FA06B755F}.AppStore|Any CPU.Build.0 = Debug|Any CPU
		{1DDCAFEA-DFD8-4AF2-A23D-950FA06B755F}.AppStore|Any CPU.Deploy.0 = Debug|Any CPU
		{1DDCAFEA-DFD8-4AF2-A23D-950FA06B755F}.AppStore|iPhone.ActiveCfg = Debug|Any CPU
		{1DDCAFEA-DFD8-4AF2-A23D-950FA06B755F}.AppStore|iPhone.Build.0 = Debug|Any CPU
		{1DDCAFEA-DFD8-4AF2-A23D-950FA06B755F}.AppStore|iPhone.Deploy.0 = Debug|Any CPU
		{1DDCAFEA-DFD8-4AF2-A23D-950FA06B755F}.AppStore|iPhoneSimulator.ActiveCfg = Debug|Any CPU
		{1DDCAFEA-DFD8-4AF2-A23D-950FA06B755F}.AppStore|iPhoneSimulator.Build.0 = Debug|Any CPU
		{1DDCAFEA-DFD8-4AF2-A23D-950FA06B755F}.AppStore|iPhoneSimulator.Deploy.0 = Debug|Any CPU
		{1DDCAFEA-DFD8-4AF2-A23D-950FA06B755F}.Debug|Any CPU.ActiveCfg = Debug|Any CPU
		{1DDCAFEA-DFD8-4AF2-A23D-950FA06B755F}.Debug|Any CPU.Build.0 = Debug|Any CPU
		{1DDCAFEA-DFD8-4AF2-A23D-950FA06B755F}.Debug|Any CPU.Deploy.0 = Debug|Any CPU
		{1DDCAFEA-DFD8-4AF2-A23D-950FA06B755F}.Debug|iPhone.ActiveCfg = Debug|Any CPU
		{1DDCAFEA-DFD8-4AF2-A23D-950FA06B755F}.Debug|iPhone.Build.0 = Debug|Any CPU
		{1DDCAFEA-DFD8-4AF2-A23D-950FA06B755F}.Debug|iPhone.Deploy.0 = Debug|Any CPU
		{1DDCAFEA-DFD8-4AF2-A23D-950FA06B755F}.Debug|iPhoneSimulator.ActiveCfg = Debug|Any CPU
		{1DDCAFEA-DFD8-4AF2-A23D-950FA06B755F}.Debug|iPhoneSimulator.Build.0 = Debug|Any CPU
		{1DDCAFEA-DFD8-4AF2-A23D-950FA06B755F}.Debug|iPhoneSimulator.Deploy.0 = Debug|Any CPU
		{1DDCAFEA-DFD8-4AF2-A23D-950FA06B755F}.Release|Any CPU.ActiveCfg = Release|Any CPU
		{1DDCAFEA-DFD8-4AF2-A23D-950FA06B755F}.Release|Any CPU.Build.0 = Release|Any CPU
		{1DDCAFEA-DFD8-4AF2-A23D-950FA06B755F}.Release|Any CPU.Deploy.0 = Release|Any CPU
		{1DDCAFEA-DFD8-4AF2-A23D-950FA06B755F}.Release|iPhone.ActiveCfg = Release|Any CPU
		{1DDCAFEA-DFD8-4AF2-A23D-950FA06B755F}.Release|iPhone.Build.0 = Release|Any CPU
		{1DDCAFEA-DFD8-4AF2-A23D-950FA06B755F}.Release|iPhone.Deploy.0 = Release|Any CPU
		{1DDCAFEA-DFD8-4AF2-A23D-950FA06B755F}.Release|iPhoneSimulator.ActiveCfg = Release|Any CPU
		{1DDCAFEA-DFD8-4AF2-A23D-950FA06B755F}.Release|iPhoneSimulator.Build.0 = Release|Any CPU
		{1DDCAFEA-DFD8-4AF2-A23D-950FA06B755F}.Release|iPhoneSimulator.Deploy.0 = Release|Any CPU
	EndGlobalSection
	GlobalSection(SolutionProperties) = preSolution
		HideSolutionNode = FALSE
	EndGlobalSection
	GlobalSection(ExtensibilityGlobals) = postSolution
		SolutionGuid = {C46C5A4A-C255-4A03-B5CE-CFDA90D2C310}
	EndGlobalSection
EndGlobal
