
Microsoft Visual Studio Solution File, Format Version 12.00
# Visual Studio 15
VisualStudioVersion = 15.0.28010.2048
MinimumVisualStudioVersion = 10.0.40219.1
Project("{FAE04EC0-301F-11D3-BF4B-00C04F79EFBC}") = "HelloControllerTest.Android", "HelloControllerTest\HelloControllerTest.Android\HelloControllerTest.Android.csproj", "{3212F34E-E3A8-458A-B9F8-5780A01ADA1C}"
EndProject
Project("{FAE04EC0-301F-11D3-BF4B-00C04F79EFBC}") = "HelloControllerTest.iOS", "HelloControllerTest\HelloControllerTest.iOS\HelloControllerTest.iOS.csproj", "{1F43E1DF-3A6F-4288-B1D7-82CAFAB46C03}"
EndProject
Project("{FAE04EC0-301F-11D3-BF4B-00C04F79EFBC}") = "HelloControllerTest", "HelloControllerTest\HelloControllerTest\HelloControllerTest.csproj", "{47E06390-9DD2-4D52-85C8-4D18618E1B62}"
EndProject
Global
	GlobalSection(SolutionConfigurationPlatforms) = preSolution
		Ad-Hoc|Any CPU = Ad-Hoc|Any CPU
		Ad-Hoc|iPhone = Ad-Hoc|iPhone
		Ad-Hoc|iPhoneSimulator = Ad-Hoc|iPhoneSimulator
		AppStore|Any CPU = AppStore|Any CPU
		AppStore|iPhone = AppStore|iPhone
		AppStore|iPhoneSimulator = AppStore|iPhoneSimulator
		Debug|Any CPU = Debug|Any CPU
		Debug|iPhone = Debug|iPhone
		Debug|iPhoneSimulator = Debug|iPhoneSimulator
		Release|Any CPU = Release|Any CPU
		Release|iPhone = Release|iPhone
		Release|iPhoneSimulator = Release|iPhoneSimulator
	EndGlobalSection
	GlobalSection(ProjectConfigurationPlatforms) = postSolution
		{3212F34E-E3A8-458A-B9F8-5780A01ADA1C}.Ad-Hoc|Any CPU.ActiveCfg = Release|Any CPU
		{3212F34E-E3A8-458A-B9F8-5780A01ADA1C}.Ad-Hoc|Any CPU.Build.0 = Release|Any CPU
		{3212F34E-E3A8-458A-B9F8-5780A01ADA1C}.Ad-Hoc|Any CPU.Deploy.0 = Release|Any CPU
		{3212F34E-E3A8-458A-B9F8-5780A01ADA1C}.Ad-Hoc|iPhone.ActiveCfg = Release|Any CPU
		{3212F34E-E3A8-458A-B9F8-5780A01ADA1C}.Ad-Hoc|iPhone.Build.0 = Release|Any CPU
		{3212F34E-E3A8-458A-B9F8-5780A01ADA1C}.Ad-Hoc|iPhone.Deploy.0 = Release|Any CPU
		{3212F34E-E3A8-458A-B9F8-5780A01ADA1C}.Ad-Hoc|iPhoneSimulator.ActiveCfg = Release|Any CPU
		{3212F34E-E3A8-458A-B9F8-5780A01ADA1C}.Ad-Hoc|iPhoneSimulator.Build.0 = Release|Any CPU
		{3212F34E-E3A8-458A-B9F8-5780A01ADA1C}.Ad-Hoc|iPhoneSimulator.Deploy.0 = Release|Any CPU
		{3212F34E-E3A8-458A-B9F8-5780A01ADA1C}.AppStore|Any CPU.ActiveCfg = Release|Any CPU
		{3212F34E-E3A8-458A-B9F8-5780A01ADA1C}.AppStore|Any CPU.Build.0 = Release|Any CPU
		{3212F34E-E3A8-458A-B9F8-5780A01ADA1C}.AppStore|Any CPU.Deploy.0 = Release|Any CPU
		{3212F34E-E3A8-458A-B9F8-5780A01ADA1C}.AppStore|iPhone.ActiveCfg = Release|Any CPU
		{3212F34E-E3A8-458A-B9F8-5780A01ADA1C}.AppStore|iPhone.Build.0 = Release|Any CPU
		{3212F34E-E3A8-458A-B9F8-5780A01ADA1C}.AppStore|iPhone.Deploy.0 = Release|Any CPU
		{3212F34E-E3A8-458A-B9F8-5780A01ADA1C}.AppStore|iPhoneSimulator.ActiveCfg = Release|Any CPU
		{3212F34E-E3A8-458A-B9F8-5780A01ADA1C}.AppStore|iPhoneSimulator.Build.0 = Release|Any CPU
		{3212F34E-E3A8-458A-B9F8-5780A01ADA1C}.AppStore|iPhoneSimulator.Deploy.0 = Release|Any CPU
		{3212F34E-E3A8-458A-B9F8-5780A01ADA1C}.Debug|Any CPU.ActiveCfg = Debug|Any CPU
		{3212F34E-E3A8-458A-B9F8-5780A01ADA1C}.Debug|Any CPU.Build.0 = Debug|Any CPU
		{3212F34E-E3A8-458A-B9F8-5780A01ADA1C}.Debug|Any CPU.Deploy.0 = Debug|Any CPU
		{3212F34E-E3A8-458A-B9F8-5780A01ADA1C}.Debug|iPhone.ActiveCfg = Debug|Any CPU
		{3212F34E-E3A8-458A-B9F8-5780A01ADA1C}.Debug|iPhone.Build.0 = Debug|Any CPU
		{3212F34E-E3A8-458A-B9F8-5780A01ADA1C}.Debug|iPhone.Deploy.0 = Debug|Any CPU
		{3212F34E-E3A8-458A-B9F8-5780A01ADA1C}.Debug|iPhoneSimulator.ActiveCfg = Debug|Any CPU
		{3212F34E-E3A8-458A-B9F8-5780A01ADA1C}.Debug|iPhoneSimulator.Build.0 = Debug|Any CPU
		{3212F34E-E3A8-458A-B9F8-5780A01ADA1C}.Debug|iPhoneSimulator.Deploy.0 = Debug|Any CPU
		{3212F34E-E3A8-458A-B9F8-5780A01ADA1C}.Release|Any CPU.ActiveCfg = Release|Any CPU
		{3212F34E-E3A8-458A-B9F8-5780A01ADA1C}.Release|Any CPU.Build.0 = Release|Any CPU
		{3212F34E-E3A8-458A-B9F8-5780A01ADA1C}.Release|Any CPU.Deploy.0 = Release|Any CPU
		{3212F34E-E3A8-458A-B9F8-5780A01ADA1C}.Release|iPhone.ActiveCfg = Release|Any CPU
		{3212F34E-E3A8-458A-B9F8-5780A01ADA1C}.Release|iPhone.Build.0 = Release|Any CPU
		{3212F34E-E3A8-458A-B9F8-5780A01ADA1C}.Release|iPhone.Deploy.0 = Release|Any CPU
		{3212F34E-E3A8-458A-B9F8-5780A01ADA1C}.Release|iPhoneSimulator.ActiveCfg = Release|Any CPU
		{3212F34E-E3A8-458A-B9F8-5780A01ADA1C}.Release|iPhoneSimulator.Build.0 = Release|Any CPU
		{3212F34E-E3A8-458A-B9F8-5780A01ADA1C}.Release|iPhoneSimulator.Deploy.0 = Release|Any CPU
		{1F43E1DF-3A6F-4288-B1D7-82CAFAB46C03}.Ad-Hoc|Any CPU.ActiveCfg = Ad-Hoc|iPhone
		{1F43E1DF-3A6F-4288-B1D7-82CAFAB46C03}.Ad-Hoc|Any CPU.Build.0 = Ad-Hoc|iPhone
		{1F43E1DF-3A6F-4288-B1D7-82CAFAB46C03}.Ad-Hoc|Any CPU.Deploy.0 = Ad-Hoc|iPhone
		{1F43E1DF-3A6F-4288-B1D7-82CAFAB46C03}.Ad-Hoc|iPhone.ActiveCfg = Ad-Hoc|iPhone
		{1F43E1DF-3A6F-4288-B1D7-82CAFAB46C03}.Ad-Hoc|iPhone.Build.0 = Ad-Hoc|iPhone
		{1F43E1DF-3A6F-4288-B1D7-82CAFAB46C03}.Ad-Hoc|iPhone.Deploy.0 = Ad-Hoc|iPhone
		{1F43E1DF-3A6F-4288-B1D7-82CAFAB46C03}.Ad-Hoc|iPhoneSimulator.ActiveCfg = Ad-Hoc|iPhoneSimulator
		{1F43E1DF-3A6F-4288-B1D7-82CAFAB46C03}.Ad-Hoc|iPhoneSimulator.Build.0 = Ad-Hoc|iPhoneSimulator
		{1F43E1DF-3A6F-4288-B1D7-82CAFAB46C03}.Ad-Hoc|iPhoneSimulator.Deploy.0 = Ad-Hoc|iPhoneSimulator
		{1F43E1DF-3A6F-4288-B1D7-82CAFAB46C03}.AppStore|Any CPU.ActiveCfg = AppStore|iPhone
		{1F43E1DF-3A6F-4288-B1D7-82CAFAB46C03}.AppStore|Any CPU.Build.0 = AppStore|iPhone
		{1F43E1DF-3A6F-4288-B1D7-82CAFAB46C03}.AppStore|Any CPU.Deploy.0 = AppStore|iPhone
		{1F43E1DF-3A6F-4288-B1D7-82CAFAB46C03}.AppStore|iPhone.ActiveCfg = AppStore|iPhone
		{1F43E1DF-3A6F-4288-B1D7-82CAFAB46C03}.AppStore|iPhone.Build.0 = AppStore|iPhone
		{1F43E1DF-3A6F-4288-B1D7-82CAFAB46C03}.AppStore|iPhone.Deploy.0 = AppStore|iPhone
		{1F43E1DF-3A6F-4288-B1D7-82CAFAB46C03}.AppStore|iPhoneSimulator.ActiveCfg = AppStore|iPhoneSimulator
		{1F43E1DF-3A6F-4288-B1D7-82CAFAB46C03}.AppStore|iPhoneSimulator.Build.0 = AppStore|iPhoneSimulator
		{1F43E1DF-3A6F-4288-B1D7-82CAFAB46C03}.AppStore|iPhoneSimulator.Deploy.0 = AppStore|iPhoneSimulator
		{1F43E1DF-3A6F-4288-B1D7-82CAFAB46C03}.Debug|Any CPU.ActiveCfg = Debug|iPhoneSimulator
		{1F43E1DF-3A6F-4288-B1D7-82CAFAB46C03}.Debug|Any CPU.Build.0 = Debug|iPhoneSimulator
		{1F43E1DF-3A6F-4288-B1D7-82CAFAB46C03}.Debug|Any CPU.Deploy.0 = Debug|iPhoneSimulator
		{1F43E1DF-3A6F-4288-B1D7-82CAFAB46C03}.Debug|iPhone.ActiveCfg = Debug|iPhone
		{1F43E1DF-3A6F-4288-B1D7-82CAFAB46C03}.Debug|iPhone.Build.0 = Debug|iPhone
		{1F43E1DF-3A6F-4288-B1D7-82CAFAB46C03}.Debug|iPhone.Deploy.0 = Debug|iPhone
		{1F43E1DF-3A6F-4288-B1D7-82CAFAB46C03}.Debug|iPhoneSimulator.ActiveCfg = Debug|iPhoneSimulator
		{1F43E1DF-3A6F-4288-B1D7-82CAFAB46C03}.Debug|iPhoneSimulator.Build.0 = Debug|iPhoneSimulator
		{1F43E1DF-3A6F-4288-B1D7-82CAFAB46C03}.Debug|iPhoneSimulator.Deploy.0 = Debug|iPhoneSimulator
		{1F43E1DF-3A6F-4288-B1D7-82CAFAB46C03}.Release|Any CPU.ActiveCfg = Release|iPhone
		{1F43E1DF-3A6F-4288-B1D7-82CAFAB46C03}.Release|Any CPU.Build.0 = Release|iPhone
		{1F43E1DF-3A6F-4288-B1D7-82CAFAB46C03}.Release|Any CPU.Deploy.0 = Release|iPhone
		{1F43E1DF-3A6F-4288-B1D7-82CAFAB46C03}.Release|iPhone.ActiveCfg = Release|iPhone
		{1F43E1DF-3A6F-4288-B1D7-82CAFAB46C03}.Release|iPhone.Build.0 = Release|iPhone
		{1F43E1DF-3A6F-4288-B1D7-82CAFAB46C03}.Release|iPhone.Deploy.0 = Release|iPhone
		{1F43E1DF-3A6F-4288-B1D7-82CAFAB46C03}.Release|iPhoneSimulator.ActiveCfg = Release|iPhoneSimulator
		{1F43E1DF-3A6F-4288-B1D7-82CAFAB46C03}.Release|iPhoneSimulator.Build.0 = Release|iPhoneSimulator
		{1F43E1DF-3A6F-4288-B1D7-82CAFAB46C03}.Release|iPhoneSimulator.Deploy.0 = Release|iPhoneSimulator
		{47E06390-9DD2-4D52-85C8-4D18618E1B62}.Ad-Hoc|Any CPU.ActiveCfg = Debug|Any CPU
		{47E06390-9DD2-4D52-85C8-4D18618E1B62}.Ad-Hoc|Any CPU.Build.0 = Debug|Any CPU
		{47E06390-9DD2-4D52-85C8-4D18618E1B62}.Ad-Hoc|Any CPU.Deploy.0 = Debug|Any CPU
		{47E06390-9DD2-4D52-85C8-4D18618E1B62}.Ad-Hoc|iPhone.ActiveCfg = Debug|Any CPU
		{47E06390-9DD2-4D52-85C8-4D18618E1B62}.Ad-Hoc|iPhone.Build.0 = Debug|Any CPU
		{47E06390-9DD2-4D52-85C8-4D18618E1B62}.Ad-Hoc|iPhone.Deploy.0 = Debug|Any CPU
		{47E06390-9DD2-4D52-85C8-4D18618E1B62}.Ad-Hoc|iPhoneSimulator.ActiveCfg = Debug|Any CPU
		{47E06390-9DD2-4D52-85C8-4D18618E1B62}.Ad-Hoc|iPhoneSimulator.Build.0 = Debug|Any CPU
		{47E06390-9DD2-4D52-85C8-4D18618E1B62}.Ad-Hoc|iPhoneSimulator.Deploy.0 = Debug|Any CPU
		{47E06390-9DD2-4D52-85C8-4D18618E1B62}.AppStore|Any CPU.ActiveCfg = Debug|Any CPU
		{47E06390-9DD2-4D52-85C8-4D18618E1B62}.AppStore|Any CPU.Build.0 = Debug|Any CPU
		{47E06390-9DD2-4D52-85C8-4D18618E1B62}.AppStore|Any CPU.Deploy.0 = Debug|Any CPU
		{47E06390-9DD2-4D52-85C8-4D18618E1B62}.AppStore|iPhone.ActiveCfg = Debug|Any CPU
		{47E06390-9DD2-4D52-85C8-4D18618E1B62}.AppStore|iPhone.Build.0 = Debug|Any CPU
		{47E06390-9DD2-4D52-85C8-4D18618E1B62}.AppStore|iPhone.Deploy.0 = Debug|Any CPU
		{47E06390-9DD2-4D52-85C8-4D18618E1B62}.AppStore|iPhoneSimulator.ActiveCfg = Debug|Any CPU
		{47E06390-9DD2-4D52-85C8-4D18618E1B62}.AppStore|iPhoneSimulator.Build.0 = Debug|Any CPU
		{47E06390-9DD2-4D52-85C8-4D18618E1B62}.AppStore|iPhoneSimulator.Deploy.0 = Debug|Any CPU
		{47E06390-9DD2-4D52-85C8-4D18618E1B62}.Debug|Any CPU.ActiveCfg = Debug|Any CPU
		{47E06390-9DD2-4D52-85C8-4D18618E1B62}.Debug|Any CPU.Build.0 = Debug|Any CPU
		{47E06390-9DD2-4D52-85C8-4D18618E1B62}.Debug|Any CPU.Deploy.0 = Debug|Any CPU
		{47E06390-9DD2-4D52-85C8-4D18618E1B62}.Debug|iPhone.ActiveCfg = Debug|Any CPU
		{47E06390-9DD2-4D52-85C8-4D18618E1B62}.Debug|iPhone.Build.0 = Debug|Any CPU
		{47E06390-9DD2-4D52-85C8-4D18618E1B62}.Debug|iPhone.Deploy.0 = Debug|Any CPU
		{47E06390-9DD2-4D52-85C8-4D18618E1B62}.Debug|iPhoneSimulator.ActiveCfg = Debug|Any CPU
		{47E06390-9DD2-4D52-85C8-4D18618E1B62}.Debug|iPhoneSimulator.Build.0 = Debug|Any CPU
		{47E06390-9DD2-4D52-85C8-4D18618E1B62}.Debug|iPhoneSimulator.Deploy.0 = Debug|Any CPU
		{47E06390-9DD2-4D52-85C8-4D18618E1B62}.Release|Any CPU.ActiveCfg = Release|Any CPU
		{47E06390-9DD2-4D52-85C8-4D18618E1B62}.Release|Any CPU.Build.0 = Release|Any CPU
		{47E06390-9DD2-4D52-85C8-4D18618E1B62}.Release|Any CPU.Deploy.0 = Release|Any CPU
		{47E06390-9DD2-4D52-85C8-4D18618E1B62}.Release|iPhone.ActiveCfg = Release|Any CPU
		{47E06390-9DD2-4D52-85C8-4D18618E1B62}.Release|iPhone.Build.0 = Release|Any CPU
		{47E06390-9DD2-4D52-85C8-4D18618E1B62}.Release|iPhone.Deploy.0 = Release|Any CPU
		{47E06390-9DD2-4D52-85C8-4D18618E1B62}.Release|iPhoneSimulator.ActiveCfg = Release|Any CPU
		{47E06390-9DD2-4D52-85C8-4D18618E1B62}.Release|iPhoneSimulator.Build.0 = Release|Any CPU
		{47E06390-9DD2-4D52-85C8-4D18618E1B62}.Release|iPhoneSimulator.Deploy.0 = Release|Any CPU
	EndGlobalSection
	GlobalSection(SolutionProperties) = preSolution
		HideSolutionNode = FALSE
	EndGlobalSection
	GlobalSection(ExtensibilityGlobals) = postSolution
		SolutionGuid = {701630EC-C2EB-45DF-AF52-6D9926C26D7C}
	EndGlobalSection
EndGlobal
