
Microsoft Visual Studio Solution File, Format Version 12.00
# Visual Studio 15
VisualStudioVersion = 15.0.28010.2048
MinimumVisualStudioVersion = 10.0.40219.1
Project("{FAE04EC0-301F-11D3-BF4B-00C04F79EFBC}") = "Phoneword.Android", "Phoneword\Phoneword.Android\Phoneword.Android.csproj", "{282ED285-5E78-42A3-923E-6DCF261F109E}"
EndProject
Project("{FAE04EC0-301F-11D3-BF4B-00C04F79EFBC}") = "Phoneword.iOS", "Phoneword\Phoneword.iOS\Phoneword.iOS.csproj", "{DB3A06AD-8178-474A-9BFE-2727E5C7876A}"
EndProject
Project("{FAE04EC0-301F-11D3-BF4B-00C04F79EFBC}") = "Phoneword", "Phoneword\Phoneword\Phoneword.csproj", "{ACCC3E7C-0DA8-46FD-8756-4341BEE2BAC6}"
EndProject
Global
	GlobalSection(SolutionConfigurationPlatforms) = preSolution
		Ad-Hoc|Any CPU = Ad-Hoc|Any CPU
		Ad-Hoc|iPhone = Ad-Hoc|iPhone
		Ad-Hoc|iPhoneSimulator = Ad-Hoc|iPhoneSimulator
		AppStore|Any CPU = AppStore|Any CPU
		AppStore|iPhone = AppStore|iPhone
		AppStore|iPhoneSimulator = AppStore|iPhoneSimulator
		Debug|Any CPU = Debug|Any CPU
		Debug|iPhone = Debug|iPhone
		Debug|iPhoneSimulator = Debug|iPhoneSimulator
		Release|Any CPU = Release|Any CPU
		Release|iPhone = Release|iPhone
		Release|iPhoneSimulator = Release|iPhoneSimulator
	EndGlobalSection
	GlobalSection(ProjectConfigurationPlatforms) = postSolution
		{282ED285-5E78-42A3-923E-6DCF261F109E}.Ad-Hoc|Any CPU.ActiveCfg = Release|Any CPU
		{282ED285-5E78-42A3-923E-6DCF261F109E}.Ad-Hoc|Any CPU.Build.0 = Release|Any CPU
		{282ED285-5E78-42A3-923E-6DCF261F109E}.Ad-Hoc|Any CPU.Deploy.0 = Release|Any CPU
		{282ED285-5E78-42A3-923E-6DCF261F109E}.Ad-Hoc|iPhone.ActiveCfg = Release|Any CPU
		{282ED285-5E78-42A3-923E-6DCF261F109E}.Ad-Hoc|iPhone.Build.0 = Release|Any CPU
		{282ED285-5E78-42A3-923E-6DCF261F109E}.Ad-Hoc|iPhone.Deploy.0 = Release|Any CPU
		{282ED285-5E78-42A3-923E-6DCF261F109E}.Ad-Hoc|iPhoneSimulator.ActiveCfg = Release|Any CPU
		{282ED285-5E78-42A3-923E-6DCF261F109E}.Ad-Hoc|iPhoneSimulator.Build.0 = Release|Any CPU
		{282ED285-5E78-42A3-923E-6DCF261F109E}.Ad-Hoc|iPhoneSimulator.Deploy.0 = Release|Any CPU
		{282ED285-5E78-42A3-923E-6DCF261F109E}.AppStore|Any CPU.ActiveCfg = Release|Any CPU
		{282ED285-5E78-42A3-923E-6DCF261F109E}.AppStore|Any CPU.Build.0 = Release|Any CPU
		{282ED285-5E78-42A3-923E-6DCF261F109E}.AppStore|Any CPU.Deploy.0 = Release|Any CPU
		{282ED285-5E78-42A3-923E-6DCF261F109E}.AppStore|iPhone.ActiveCfg = Release|Any CPU
		{282ED285-5E78-42A3-923E-6DCF261F109E}.AppStore|iPhone.Build.0 = Release|Any CPU
		{282ED285-5E78-42A3-923E-6DCF261F109E}.AppStore|iPhone.Deploy.0 = Release|Any CPU
		{282ED285-5E78-42A3-923E-6DCF261F109E}.AppStore|iPhoneSimulator.ActiveCfg = Release|Any CPU
		{282ED285-5E78-42A3-923E-6DCF261F109E}.AppStore|iPhoneSimulator.Build.0 = Release|Any CPU
		{282ED285-5E78-42A3-923E-6DCF261F109E}.AppStore|iPhoneSimulator.Deploy.0 = Release|Any CPU
		{282ED285-5E78-42A3-923E-6DCF261F109E}.Debug|Any CPU.ActiveCfg = Debug|Any CPU
		{282ED285-5E78-42A3-923E-6DCF261F109E}.Debug|Any CPU.Build.0 = Debug|Any CPU
		{282ED285-5E78-42A3-923E-6DCF261F109E}.Debug|Any CPU.Deploy.0 = Debug|Any CPU
		{282ED285-5E78-42A3-923E-6DCF261F109E}.Debug|iPhone.ActiveCfg = Debug|Any CPU
		{282ED285-5E78-42A3-923E-6DCF261F109E}.Debug|iPhone.Build.0 = Debug|Any CPU
		{282ED285-5E78-42A3-923E-6DCF261F109E}.Debug|iPhone.Deploy.0 = Debug|Any CPU
		{282ED285-5E78-42A3-923E-6DCF261F109E}.Debug|iPhoneSimulator.ActiveCfg = Debug|Any CPU
		{282ED285-5E78-42A3-923E-6DCF261F109E}.Debug|iPhoneSimulator.Build.0 = Debug|Any CPU
		{282ED285-5E78-42A3-923E-6DCF261F109E}.Debug|iPhoneSimulator.Deploy.0 = Debug|Any CPU
		{282ED285-5E78-42A3-923E-6DCF261F109E}.Release|Any CPU.ActiveCfg = Release|Any CPU
		{282ED285-5E78-42A3-923E-6DCF261F109E}.Release|Any CPU.Build.0 = Release|Any CPU
		{282ED285-5E78-42A3-923E-6DCF261F109E}.Release|Any CPU.Deploy.0 = Release|Any CPU
		{282ED285-5E78-42A3-923E-6DCF261F109E}.Release|iPhone.ActiveCfg = Release|Any CPU
		{282ED285-5E78-42A3-923E-6DCF261F109E}.Release|iPhone.Build.0 = Release|Any CPU
		{282ED285-5E78-42A3-923E-6DCF261F109E}.Release|iPhone.Deploy.0 = Release|Any CPU
		{282ED285-5E78-42A3-923E-6DCF261F109E}.Release|iPhoneSimulator.ActiveCfg = Release|Any CPU
		{282ED285-5E78-42A3-923E-6DCF261F109E}.Release|iPhoneSimulator.Build.0 = Release|Any CPU
		{282ED285-5E78-42A3-923E-6DCF261F109E}.Release|iPhoneSimulator.Deploy.0 = Release|Any CPU
		{DB3A06AD-8178-474A-9BFE-2727E5C7876A}.Ad-Hoc|Any CPU.ActiveCfg = Ad-Hoc|iPhone
		{DB3A06AD-8178-474A-9BFE-2727E5C7876A}.Ad-Hoc|Any CPU.Build.0 = Ad-Hoc|iPhone
		{DB3A06AD-8178-474A-9BFE-2727E5C7876A}.Ad-Hoc|Any CPU.Deploy.0 = Ad-Hoc|iPhone
		{DB3A06AD-8178-474A-9BFE-2727E5C7876A}.Ad-Hoc|iPhone.ActiveCfg = Ad-Hoc|iPhone
		{DB3A06AD-8178-474A-9BFE-2727E5C7876A}.Ad-Hoc|iPhone.Build.0 = Ad-Hoc|iPhone
		{DB3A06AD-8178-474A-9BFE-2727E5C7876A}.Ad-Hoc|iPhone.Deploy.0 = Ad-Hoc|iPhone
		{DB3A06AD-8178-474A-9BFE-2727E5C7876A}.Ad-Hoc|iPhoneSimulator.ActiveCfg = Ad-Hoc|iPhoneSimulator
		{DB3A06AD-8178-474A-9BFE-2727E5C7876A}.Ad-Hoc|iPhoneSimulator.Build.0 = Ad-Hoc|iPhoneSimulator
		{DB3A06AD-8178-474A-9BFE-2727E5C7876A}.Ad-Hoc|iPhoneSimulator.Deploy.0 = Ad-Hoc|iPhoneSimulator
		{DB3A06AD-8178-474A-9BFE-2727E5C7876A}.AppStore|Any CPU.ActiveCfg = AppStore|iPhone
		{DB3A06AD-8178-474A-9BFE-2727E5C7876A}.AppStore|Any CPU.Build.0 = AppStore|iPhone
		{DB3A06AD-8178-474A-9BFE-2727E5C7876A}.AppStore|Any CPU.Deploy.0 = AppStore|iPhone
		{DB3A06AD-8178-474A-9BFE-2727E5C7876A}.AppStore|iPhone.ActiveCfg = AppStore|iPhone
		{DB3A06AD-8178-474A-9BFE-2727E5C7876A}.AppStore|iPhone.Build.0 = AppStore|iPhone
		{DB3A06AD-8178-474A-9BFE-2727E5C7876A}.AppStore|iPhone.Deploy.0 = AppStore|iPhone
		{DB3A06AD-8178-474A-9BFE-2727E5C7876A}.AppStore|iPhoneSimulator.ActiveCfg = AppStore|iPhoneSimulator
		{DB3A06AD-8178-474A-9BFE-2727E5C7876A}.AppStore|iPhoneSimulator.Build.0 = AppStore|iPhoneSimulator
		{DB3A06AD-8178-474A-9BFE-2727E5C7876A}.AppStore|iPhoneSimulator.Deploy.0 = AppStore|iPhoneSimulator
		{DB3A06AD-8178-474A-9BFE-2727E5C7876A}.Debug|Any CPU.ActiveCfg = Debug|iPhoneSimulator
		{DB3A06AD-8178-474A-9BFE-2727E5C7876A}.Debug|Any CPU.Build.0 = Debug|iPhoneSimulator
		{DB3A06AD-8178-474A-9BFE-2727E5C7876A}.Debug|Any CPU.Deploy.0 = Debug|iPhoneSimulator
		{DB3A06AD-8178-474A-9BFE-2727E5C7876A}.Debug|iPhone.ActiveCfg = Debug|iPhone
		{DB3A06AD-8178-474A-9BFE-2727E5C7876A}.Debug|iPhone.Build.0 = Debug|iPhone
		{DB3A06AD-8178-474A-9BFE-2727E5C7876A}.Debug|iPhone.Deploy.0 = Debug|iPhone
		{DB3A06AD-8178-474A-9BFE-2727E5C7876A}.Debug|iPhoneSimulator.ActiveCfg = Debug|iPhoneSimulator
		{DB3A06AD-8178-474A-9BFE-2727E5C7876A}.Debug|iPhoneSimulator.Build.0 = Debug|iPhoneSimulator
		{DB3A06AD-8178-474A-9BFE-2727E5C7876A}.Debug|iPhoneSimulator.Deploy.0 = Debug|iPhoneSimulator
		{DB3A06AD-8178-474A-9BFE-2727E5C7876A}.Release|Any CPU.ActiveCfg = Release|iPhone
		{DB3A06AD-8178-474A-9BFE-2727E5C7876A}.Release|Any CPU.Build.0 = Release|iPhone
		{DB3A06AD-8178-474A-9BFE-2727E5C7876A}.Release|Any CPU.Deploy.0 = Release|iPhone
		{DB3A06AD-8178-474A-9BFE-2727E5C7876A}.Release|iPhone.ActiveCfg = Release|iPhone
		{DB3A06AD-8178-474A-9BFE-2727E5C7876A}.Release|iPhone.Build.0 = Release|iPhone
		{DB3A06AD-8178-474A-9BFE-2727E5C7876A}.Release|iPhone.Deploy.0 = Release|iPhone
		{DB3A06AD-8178-474A-9BFE-2727E5C7876A}.Release|iPhoneSimulator.ActiveCfg = Release|iPhoneSimulator
		{DB3A06AD-8178-474A-9BFE-2727E5C7876A}.Release|iPhoneSimulator.Build.0 = Release|iPhoneSimulator
		{DB3A06AD-8178-474A-9BFE-2727E5C7876A}.Release|iPhoneSimulator.Deploy.0 = Release|iPhoneSimulator
		{ACCC3E7C-0DA8-46FD-8756-4341BEE2BAC6}.Ad-Hoc|Any CPU.ActiveCfg = Debug|Any CPU
		{ACCC3E7C-0DA8-46FD-8756-4341BEE2BAC6}.Ad-Hoc|Any CPU.Build.0 = Debug|Any CPU
		{ACCC3E7C-0DA8-46FD-8756-4341BEE2BAC6}.Ad-Hoc|Any CPU.Deploy.0 = Debug|Any CPU
		{ACCC3E7C-0DA8-46FD-8756-4341BEE2BAC6}.Ad-Hoc|iPhone.ActiveCfg = Debug|Any CPU
		{ACCC3E7C-0DA8-46FD-8756-4341BEE2BAC6}.Ad-Hoc|iPhone.Build.0 = Debug|Any CPU
		{ACCC3E7C-0DA8-46FD-8756-4341BEE2BAC6}.Ad-Hoc|iPhone.Deploy.0 = Debug|Any CPU
		{ACCC3E7C-0DA8-46FD-8756-4341BEE2BAC6}.Ad-Hoc|iPhoneSimulator.ActiveCfg = Debug|Any CPU
		{ACCC3E7C-0DA8-46FD-8756-4341BEE2BAC6}.Ad-Hoc|iPhoneSimulator.Build.0 = Debug|Any CPU
		{ACCC3E7C-0DA8-46FD-8756-4341BEE2BAC6}.Ad-Hoc|iPhoneSimulator.Deploy.0 = Debug|Any CPU
		{ACCC3E7C-0DA8-46FD-8756-4341BEE2BAC6}.AppStore|Any CPU.ActiveCfg = Debug|Any CPU
		{ACCC3E7C-0DA8-46FD-8756-4341BEE2BAC6}.AppStore|Any CPU.Build.0 = Debug|Any CPU
		{ACCC3E7C-0DA8-46FD-8756-4341BEE2BAC6}.AppStore|Any CPU.Deploy.0 = Debug|Any CPU
		{ACCC3E7C-0DA8-46FD-8756-4341BEE2BAC6}.AppStore|iPhone.ActiveCfg = Debug|Any CPU
		{ACCC3E7C-0DA8-46FD-8756-4341BEE2BAC6}.AppStore|iPhone.Build.0 = Debug|Any CPU
		{ACCC3E7C-0DA8-46FD-8756-4341BEE2BAC6}.AppStore|iPhone.Deploy.0 = Debug|Any CPU
		{ACCC3E7C-0DA8-46FD-8756-4341BEE2BAC6}.AppStore|iPhoneSimulator.ActiveCfg = Debug|Any CPU
		{ACCC3E7C-0DA8-46FD-8756-4341BEE2BAC6}.AppStore|iPhoneSimulator.Build.0 = Debug|Any CPU
		{ACCC3E7C-0DA8-46FD-8756-4341BEE2BAC6}.AppStore|iPhoneSimulator.Deploy.0 = Debug|Any CPU
		{ACCC3E7C-0DA8-46FD-8756-4341BEE2BAC6}.Debug|Any CPU.ActiveCfg = Debug|Any CPU
		{ACCC3E7C-0DA8-46FD-8756-4341BEE2BAC6}.Debug|Any CPU.Build.0 = Debug|Any CPU
		{ACCC3E7C-0DA8-46FD-8756-4341BEE2BAC6}.Debug|Any CPU.Deploy.0 = Debug|Any CPU
		{ACCC3E7C-0DA8-46FD-8756-4341BEE2BAC6}.Debug|iPhone.ActiveCfg = Debug|Any CPU
		{ACCC3E7C-0DA8-46FD-8756-4341BEE2BAC6}.Debug|iPhone.Build.0 = Debug|Any CPU
		{ACCC3E7C-0DA8-46FD-8756-4341BEE2BAC6}.Debug|iPhone.Deploy.0 = Debug|Any CPU
		{ACCC3E7C-0DA8-46FD-8756-4341BEE2BAC6}.Debug|iPhoneSimulator.ActiveCfg = Debug|Any CPU
		{ACCC3E7C-0DA8-46FD-8756-4341BEE2BAC6}.Debug|iPhoneSimulator.Build.0 = Debug|Any CPU
		{ACCC3E7C-0DA8-46FD-8756-4341BEE2BAC6}.Debug|iPhoneSimulator.Deploy.0 = Debug|Any CPU
		{ACCC3E7C-0DA8-46FD-8756-4341BEE2BAC6}.Release|Any CPU.ActiveCfg = Release|Any CPU
		{ACCC3E7C-0DA8-46FD-8756-4341BEE2BAC6}.Release|Any CPU.Build.0 = Release|Any CPU
		{ACCC3E7C-0DA8-46FD-8756-4341BEE2BAC6}.Release|Any CPU.Deploy.0 = Release|Any CPU
		{ACCC3E7C-0DA8-46FD-8756-4341BEE2BAC6}.Release|iPhone.ActiveCfg = Release|Any CPU
		{ACCC3E7C-0DA8-46FD-8756-4341BEE2BAC6}.Release|iPhone.Build.0 = Release|Any CPU
		{ACCC3E7C-0DA8-46FD-8756-4341BEE2BAC6}.Release|iPhone.Deploy.0 = Release|Any CPU
		{ACCC3E7C-0DA8-46FD-8756-4341BEE2BAC6}.Release|iPhoneSimulator.ActiveCfg = Release|Any CPU
		{ACCC3E7C-0DA8-46FD-8756-4341BEE2BAC6}.Release|iPhoneSimulator.Build.0 = Release|Any CPU
		{ACCC3E7C-0DA8-46FD-8756-4341BEE2BAC6}.Release|iPhoneSimulator.Deploy.0 = Release|Any CPU
	EndGlobalSection
	GlobalSection(SolutionProperties) = preSolution
		HideSolutionNode = FALSE
	EndGlobalSection
	GlobalSection(ExtensibilityGlobals) = postSolution
		SolutionGuid = {43E97A75-546A-4BF0-91C3-FAFE414E504D}
	EndGlobalSection
EndGlobal
