
Microsoft Visual Studio Solution File, Format Version 12.00
# Visual Studio 15
VisualStudioVersion = 15.0.28010.2048
MinimumVisualStudioVersion = 10.0.40219.1
Project("{FAE04EC0-301F-11D3-BF4B-00C04F79EFBC}") = "EmpSpringTest.Android", "EmpSpringTest\EmpSpringTest.Android\EmpSpringTest.Android.csproj", "{73A31D27-91DD-496A-BC42-B844F48D6FB0}"
EndProject
Project("{FAE04EC0-301F-11D3-BF4B-00C04F79EFBC}") = "EmpSpringTest.iOS", "EmpSpringTest\EmpSpringTest.iOS\EmpSpringTest.iOS.csproj", "{5F046806-1572-46C5-8115-2490B5317598}"
EndProject
Project("{FAE04EC0-301F-11D3-BF4B-00C04F79EFBC}") = "EmpSpringTest", "EmpSpringTest\EmpSpringTest\EmpSpringTest.csproj", "{62CD1B88-DE4F-4A73-8A84-EAE9F09BDC94}"
EndProject
Global
	GlobalSection(SolutionConfigurationPlatforms) = preSolution
		Ad-Hoc|Any CPU = Ad-Hoc|Any CPU
		Ad-Hoc|iPhone = Ad-Hoc|iPhone
		Ad-Hoc|iPhoneSimulator = Ad-Hoc|iPhoneSimulator
		AppStore|Any CPU = AppStore|Any CPU
		AppStore|iPhone = AppStore|iPhone
		AppStore|iPhoneSimulator = AppStore|iPhoneSimulator
		Debug|Any CPU = Debug|Any CPU
		Debug|iPhone = Debug|iPhone
		Debug|iPhoneSimulator = Debug|iPhoneSimulator
		Release|Any CPU = Release|Any CPU
		Release|iPhone = Release|iPhone
		Release|iPhoneSimulator = Release|iPhoneSimulator
	EndGlobalSection
	GlobalSection(ProjectConfigurationPlatforms) = postSolution
		{73A31D27-91DD-496A-BC42-B844F48D6FB0}.Ad-Hoc|Any CPU.ActiveCfg = Release|Any CPU
		{73A31D27-91DD-496A-BC42-B844F48D6FB0}.Ad-Hoc|Any CPU.Build.0 = Release|Any CPU
		{73A31D27-91DD-496A-BC42-B844F48D6FB0}.Ad-Hoc|Any CPU.Deploy.0 = Release|Any CPU
		{73A31D27-91DD-496A-BC42-B844F48D6FB0}.Ad-Hoc|iPhone.ActiveCfg = Release|Any CPU
		{73A31D27-91DD-496A-BC42-B844F48D6FB0}.Ad-Hoc|iPhone.Build.0 = Release|Any CPU
		{73A31D27-91DD-496A-BC42-B844F48D6FB0}.Ad-Hoc|iPhone.Deploy.0 = Release|Any CPU
		{73A31D27-91DD-496A-BC42-B844F48D6FB0}.Ad-Hoc|iPhoneSimulator.ActiveCfg = Release|Any CPU
		{73A31D27-91DD-496A-BC42-B844F48D6FB0}.Ad-Hoc|iPhoneSimulator.Build.0 = Release|Any CPU
		{73A31D27-91DD-496A-BC42-B844F48D6FB0}.Ad-Hoc|iPhoneSimulator.Deploy.0 = Release|Any CPU
		{73A31D27-91DD-496A-BC42-B844F48D6FB0}.AppStore|Any CPU.ActiveCfg = Release|Any CPU
		{73A31D27-91DD-496A-BC42-B844F48D6FB0}.AppStore|Any CPU.Build.0 = Release|Any CPU
		{73A31D27-91DD-496A-BC42-B844F48D6FB0}.AppStore|Any CPU.Deploy.0 = Release|Any CPU
		{73A31D27-91DD-496A-BC42-B844F48D6FB0}.AppStore|iPhone.ActiveCfg = Release|Any CPU
		{73A31D27-91DD-496A-BC42-B844F48D6FB0}.AppStore|iPhone.Build.0 = Release|Any CPU
		{73A31D27-91DD-496A-BC42-B844F48D6FB0}.AppStore|iPhone.Deploy.0 = Release|Any CPU
		{73A31D27-91DD-496A-BC42-B844F48D6FB0}.AppStore|iPhoneSimulator.ActiveCfg = Release|Any CPU
		{73A31D27-91DD-496A-BC42-B844F48D6FB0}.AppStore|iPhoneSimulator.Build.0 = Release|Any CPU
		{73A31D27-91DD-496A-BC42-B844F48D6FB0}.AppStore|iPhoneSimulator.Deploy.0 = Release|Any CPU
		{73A31D27-91DD-496A-BC42-B844F48D6FB0}.Debug|Any CPU.ActiveCfg = Debug|Any CPU
		{73A31D27-91DD-496A-BC42-B844F48D6FB0}.Debug|Any CPU.Build.0 = Debug|Any CPU
		{73A31D27-91DD-496A-BC42-B844F48D6FB0}.Debug|Any CPU.Deploy.0 = Debug|Any CPU
		{73A31D27-91DD-496A-BC42-B844F48D6FB0}.Debug|iPhone.ActiveCfg = Debug|Any CPU
		{73A31D27-91DD-496A-BC42-B844F48D6FB0}.Debug|iPhone.Build.0 = Debug|Any CPU
		{73A31D27-91DD-496A-BC42-B844F48D6FB0}.Debug|iPhone.Deploy.0 = Debug|Any CPU
		{73A31D27-91DD-496A-BC42-B844F48D6FB0}.Debug|iPhoneSimulator.ActiveCfg = Debug|Any CPU
		{73A31D27-91DD-496A-BC42-B844F48D6FB0}.Debug|iPhoneSimulator.Build.0 = Debug|Any CPU
		{73A31D27-91DD-496A-BC42-B844F48D6FB0}.Debug|iPhoneSimulator.Deploy.0 = Debug|Any CPU
		{73A31D27-91DD-496A-BC42-B844F48D6FB0}.Release|Any CPU.ActiveCfg = Release|Any CPU
		{73A31D27-91DD-496A-BC42-B844F48D6FB0}.Release|Any CPU.Build.0 = Release|Any CPU
		{73A31D27-91DD-496A-BC42-B844F48D6FB0}.Release|Any CPU.Deploy.0 = Release|Any CPU
		{73A31D27-91DD-496A-BC42-B844F48D6FB0}.Release|iPhone.ActiveCfg = Release|Any CPU
		{73A31D27-91DD-496A-BC42-B844F48D6FB0}.Release|iPhone.Build.0 = Release|Any CPU
		{73A31D27-91DD-496A-BC42-B844F48D6FB0}.Release|iPhone.Deploy.0 = Release|Any CPU
		{73A31D27-91DD-496A-BC42-B844F48D6FB0}.Release|iPhoneSimulator.ActiveCfg = Release|Any CPU
		{73A31D27-91DD-496A-BC42-B844F48D6FB0}.Release|iPhoneSimulator.Build.0 = Release|Any CPU
		{73A31D27-91DD-496A-BC42-B844F48D6FB0}.Release|iPhoneSimulator.Deploy.0 = Release|Any CPU
		{5F046806-1572-46C5-8115-2490B5317598}.Ad-Hoc|Any CPU.ActiveCfg = Ad-Hoc|iPhone
		{5F046806-1572-46C5-8115-2490B5317598}.Ad-Hoc|Any CPU.Build.0 = Ad-Hoc|iPhone
		{5F046806-1572-46C5-8115-2490B5317598}.Ad-Hoc|Any CPU.Deploy.0 = Ad-Hoc|iPhone
		{5F046806-1572-46C5-8115-2490B5317598}.Ad-Hoc|iPhone.ActiveCfg = Ad-Hoc|iPhone
		{5F046806-1572-46C5-8115-2490B5317598}.Ad-Hoc|iPhone.Build.0 = Ad-Hoc|iPhone
		{5F046806-1572-46C5-8115-2490B5317598}.Ad-Hoc|iPhone.Deploy.0 = Ad-Hoc|iPhone
		{5F046806-1572-46C5-8115-2490B5317598}.Ad-Hoc|iPhoneSimulator.ActiveCfg = Ad-Hoc|iPhoneSimulator
		{5F046806-1572-46C5-8115-2490B5317598}.Ad-Hoc|iPhoneSimulator.Build.0 = Ad-Hoc|iPhoneSimulator
		{5F046806-1572-46C5-8115-2490B5317598}.Ad-Hoc|iPhoneSimulator.Deploy.0 = Ad-Hoc|iPhoneSimulator
		{5F046806-1572-46C5-8115-2490B5317598}.AppStore|Any CPU.ActiveCfg = AppStore|iPhone
		{5F046806-1572-46C5-8115-2490B5317598}.AppStore|Any CPU.Build.0 = AppStore|iPhone
		{5F046806-1572-46C5-8115-2490B5317598}.AppStore|Any CPU.Deploy.0 = AppStore|iPhone
		{5F046806-1572-46C5-8115-2490B5317598}.AppStore|iPhone.ActiveCfg = AppStore|iPhone
		{5F046806-1572-46C5-8115-2490B5317598}.AppStore|iPhone.Build.0 = AppStore|iPhone
		{5F046806-1572-46C5-8115-2490B5317598}.AppStore|iPhone.Deploy.0 = AppStore|iPhone
		{5F046806-1572-46C5-8115-2490B5317598}.AppStore|iPhoneSimulator.ActiveCfg = AppStore|iPhoneSimulator
		{5F046806-1572-46C5-8115-2490B5317598}.AppStore|iPhoneSimulator.Build.0 = AppStore|iPhoneSimulator
		{5F046806-1572-46C5-8115-2490B5317598}.AppStore|iPhoneSimulator.Deploy.0 = AppStore|iPhoneSimulator
		{5F046806-1572-46C5-8115-2490B5317598}.Debug|Any CPU.ActiveCfg = Debug|iPhoneSimulator
		{5F046806-1572-46C5-8115-2490B5317598}.Debug|Any CPU.Build.0 = Debug|iPhoneSimulator
		{5F046806-1572-46C5-8115-2490B5317598}.Debug|Any CPU.Deploy.0 = Debug|iPhoneSimulator
		{5F046806-1572-46C5-8115-2490B5317598}.Debug|iPhone.ActiveCfg = Debug|iPhone
		{5F046806-1572-46C5-8115-2490B5317598}.Debug|iPhone.Build.0 = Debug|iPhone
		{5F046806-1572-46C5-8115-2490B5317598}.Debug|iPhone.Deploy.0 = Debug|iPhone
		{5F046806-1572-46C5-8115-2490B5317598}.Debug|iPhoneSimulator.ActiveCfg = Debug|iPhoneSimulator
		{5F046806-1572-46C5-8115-2490B5317598}.Debug|iPhoneSimulator.Build.0 = Debug|iPhoneSimulator
		{5F046806-1572-46C5-8115-2490B5317598}.Debug|iPhoneSimulator.Deploy.0 = Debug|iPhoneSimulator
		{5F046806-1572-46C5-8115-2490B5317598}.Release|Any CPU.ActiveCfg = Release|iPhone
		{5F046806-1572-46C5-8115-2490B5317598}.Release|Any CPU.Build.0 = Release|iPhone
		{5F046806-1572-46C5-8115-2490B5317598}.Release|Any CPU.Deploy.0 = Release|iPhone
		{5F046806-1572-46C5-8115-2490B5317598}.Release|iPhone.ActiveCfg = Release|iPhone
		{5F046806-1572-46C5-8115-2490B5317598}.Release|iPhone.Build.0 = Release|iPhone
		{5F046806-1572-46C5-8115-2490B5317598}.Release|iPhone.Deploy.0 = Release|iPhone
		{5F046806-1572-46C5-8115-2490B5317598}.Release|iPhoneSimulator.ActiveCfg = Release|iPhoneSimulator
		{5F046806-1572-46C5-8115-2490B5317598}.Release|iPhoneSimulator.Build.0 = Release|iPhoneSimulator
		{5F046806-1572-46C5-8115-2490B5317598}.Release|iPhoneSimulator.Deploy.0 = Release|iPhoneSimulator
		{62CD1B88-DE4F-4A73-8A84-EAE9F09BDC94}.Ad-Hoc|Any CPU.ActiveCfg = Debug|Any CPU
		{62CD1B88-DE4F-4A73-8A84-EAE9F09BDC94}.Ad-Hoc|Any CPU.Build.0 = Debug|Any CPU
		{62CD1B88-DE4F-4A73-8A84-EAE9F09BDC94}.Ad-Hoc|Any CPU.Deploy.0 = Debug|Any CPU
		{62CD1B88-DE4F-4A73-8A84-EAE9F09BDC94}.Ad-Hoc|iPhone.ActiveCfg = Debug|Any CPU
		{62CD1B88-DE4F-4A73-8A84-EAE9F09BDC94}.Ad-Hoc|iPhone.Build.0 = Debug|Any CPU
		{62CD1B88-DE4F-4A73-8A84-EAE9F09BDC94}.Ad-Hoc|iPhone.Deploy.0 = Debug|Any CPU
		{62CD1B88-DE4F-4A73-8A84-EAE9F09BDC94}.Ad-Hoc|iPhoneSimulator.ActiveCfg = Debug|Any CPU
		{62CD1B88-DE4F-4A73-8A84-EAE9F09BDC94}.Ad-Hoc|iPhoneSimulator.Build.0 = Debug|Any CPU
		{62CD1B88-DE4F-4A73-8A84-EAE9F09BDC94}.Ad-Hoc|iPhoneSimulator.Deploy.0 = Debug|Any CPU
		{62CD1B88-DE4F-4A73-8A84-EAE9F09BDC94}.AppStore|Any CPU.ActiveCfg = Debug|Any CPU
		{62CD1B88-DE4F-4A73-8A84-EAE9F09BDC94}.AppStore|Any CPU.Build.0 = Debug|Any CPU
		{62CD1B88-DE4F-4A73-8A84-EAE9F09BDC94}.AppStore|Any CPU.Deploy.0 = Debug|Any CPU
		{62CD1B88-DE4F-4A73-8A84-EAE9F09BDC94}.AppStore|iPhone.ActiveCfg = Debug|Any CPU
		{62CD1B88-DE4F-4A73-8A84-EAE9F09BDC94}.AppStore|iPhone.Build.0 = Debug|Any CPU
		{62CD1B88-DE4F-4A73-8A84-EAE9F09BDC94}.AppStore|iPhone.Deploy.0 = Debug|Any CPU
		{62CD1B88-DE4F-4A73-8A84-EAE9F09BDC94}.AppStore|iPhoneSimulator.ActiveCfg = Debug|Any CPU
		{62CD1B88-DE4F-4A73-8A84-EAE9F09BDC94}.AppStore|iPhoneSimulator.Build.0 = Debug|Any CPU
		{62CD1B88-DE4F-4A73-8A84-EAE9F09BDC94}.AppStore|iPhoneSimulator.Deploy.0 = Debug|Any CPU
		{62CD1B88-DE4F-4A73-8A84-EAE9F09BDC94}.Debug|Any CPU.ActiveCfg = Debug|Any CPU
		{62CD1B88-DE4F-4A73-8A84-EAE9F09BDC94}.Debug|Any CPU.Build.0 = Debug|Any CPU
		{62CD1B88-DE4F-4A73-8A84-EAE9F09BDC94}.Debug|Any CPU.Deploy.0 = Debug|Any CPU
		{62CD1B88-DE4F-4A73-8A84-EAE9F09BDC94}.Debug|iPhone.ActiveCfg = Debug|Any CPU
		{62CD1B88-DE4F-4A73-8A84-EAE9F09BDC94}.Debug|iPhone.Build.0 = Debug|Any CPU
		{62CD1B88-DE4F-4A73-8A84-EAE9F09BDC94}.Debug|iPhone.Deploy.0 = Debug|Any CPU
		{62CD1B88-DE4F-4A73-8A84-EAE9F09BDC94}.Debug|iPhoneSimulator.ActiveCfg = Debug|Any CPU
		{62CD1B88-DE4F-4A73-8A84-EAE9F09BDC94}.Debug|iPhoneSimulator.Build.0 = Debug|Any CPU
		{62CD1B88-DE4F-4A73-8A84-EAE9F09BDC94}.Debug|iPhoneSimulator.Deploy.0 = Debug|Any CPU
		{62CD1B88-DE4F-4A73-8A84-EAE9F09BDC94}.Release|Any CPU.ActiveCfg = Release|Any CPU
		{62CD1B88-DE4F-4A73-8A84-EAE9F09BDC94}.Release|Any CPU.Build.0 = Release|Any CPU
		{62CD1B88-DE4F-4A73-8A84-EAE9F09BDC94}.Release|Any CPU.Deploy.0 = Release|Any CPU
		{62CD1B88-DE4F-4A73-8A84-EAE9F09BDC94}.Release|iPhone.ActiveCfg = Release|Any CPU
		{62CD1B88-DE4F-4A73-8A84-EAE9F09BDC94}.Release|iPhone.Build.0 = Release|Any CPU
		{62CD1B88-DE4F-4A73-8A84-EAE9F09BDC94}.Release|iPhone.Deploy.0 = Release|Any CPU
		{62CD1B88-DE4F-4A73-8A84-EAE9F09BDC94}.Release|iPhoneSimulator.ActiveCfg = Release|Any CPU
		{62CD1B88-DE4F-4A73-8A84-EAE9F09BDC94}.Release|iPhoneSimulator.Build.0 = Release|Any CPU
		{62CD1B88-DE4F-4A73-8A84-EAE9F09BDC94}.Release|iPhoneSimulator.Deploy.0 = Release|Any CPU
	EndGlobalSection
	GlobalSection(SolutionProperties) = preSolution
		HideSolutionNode = FALSE
	EndGlobalSection
	GlobalSection(ExtensibilityGlobals) = postSolution
		SolutionGuid = {D2A6FA91-F7D1-4C1A-BDCF-CE74B7F06510}
	EndGlobalSection
EndGlobal
