
Microsoft Visual Studio Solution File, Format Version 12.00
# Visual Studio 15
VisualStudioVersion = 15.0.28010.2048
MinimumVisualStudioVersion = 10.0.40219.1
Project("{FAE04EC0-301F-11D3-BF4B-00C04F79EFBC}") = "Selector.Android", "Selector\Selector.Android\Selector.Android.csproj", "{28E95049-4A21-4D76-B853-AF3E92C6A3BE}"
EndProject
Project("{FAE04EC0-301F-11D3-BF4B-00C04F79EFBC}") = "Selector.iOS", "Selector\Selector.iOS\Selector.iOS.csproj", "{31664454-9CD8-452C-9F67-91E4C2D89741}"
EndProject
Project("{FAE04EC0-301F-11D3-BF4B-00C04F79EFBC}") = "Selector", "Selector\Selector\Selector.csproj", "{B3B34A13-9E39-4DA1-9CBC-C13778B6864C}"
EndProject
Global
	GlobalSection(SolutionConfigurationPlatforms) = preSolution
		Ad-Hoc|Any CPU = Ad-Hoc|Any CPU
		Ad-Hoc|iPhone = Ad-Hoc|iPhone
		Ad-Hoc|iPhoneSimulator = Ad-Hoc|iPhoneSimulator
		AppStore|Any CPU = AppStore|Any CPU
		AppStore|iPhone = AppStore|iPhone
		AppStore|iPhoneSimulator = AppStore|iPhoneSimulator
		Debug|Any CPU = Debug|Any CPU
		Debug|iPhone = Debug|iPhone
		Debug|iPhoneSimulator = Debug|iPhoneSimulator
		Release|Any CPU = Release|Any CPU
		Release|iPhone = Release|iPhone
		Release|iPhoneSimulator = Release|iPhoneSimulator
	EndGlobalSection
	GlobalSection(ProjectConfigurationPlatforms) = postSolution
		{28E95049-4A21-4D76-B853-AF3E92C6A3BE}.Ad-Hoc|Any CPU.ActiveCfg = Release|Any CPU
		{28E95049-4A21-4D76-B853-AF3E92C6A3BE}.Ad-Hoc|Any CPU.Build.0 = Release|Any CPU
		{28E95049-4A21-4D76-B853-AF3E92C6A3BE}.Ad-Hoc|Any CPU.Deploy.0 = Release|Any CPU
		{28E95049-4A21-4D76-B853-AF3E92C6A3BE}.Ad-Hoc|iPhone.ActiveCfg = Release|Any CPU
		{28E95049-4A21-4D76-B853-AF3E92C6A3BE}.Ad-Hoc|iPhone.Build.0 = Release|Any CPU
		{28E95049-4A21-4D76-B853-AF3E92C6A3BE}.Ad-Hoc|iPhone.Deploy.0 = Release|Any CPU
		{28E95049-4A21-4D76-B853-AF3E92C6A3BE}.Ad-Hoc|iPhoneSimulator.ActiveCfg = Release|Any CPU
		{28E95049-4A21-4D76-B853-AF3E92C6A3BE}.Ad-Hoc|iPhoneSimulator.Build.0 = Release|Any CPU
		{28E95049-4A21-4D76-B853-AF3E92C6A3BE}.Ad-Hoc|iPhoneSimulator.Deploy.0 = Release|Any CPU
		{28E95049-4A21-4D76-B853-AF3E92C6A3BE}.AppStore|Any CPU.ActiveCfg = Release|Any CPU
		{28E95049-4A21-4D76-B853-AF3E92C6A3BE}.AppStore|Any CPU.Build.0 = Release|Any CPU
		{28E95049-4A21-4D76-B853-AF3E92C6A3BE}.AppStore|Any CPU.Deploy.0 = Release|Any CPU
		{28E95049-4A21-4D76-B853-AF3E92C6A3BE}.AppStore|iPhone.ActiveCfg = Release|Any CPU
		{28E95049-4A21-4D76-B853-AF3E92C6A3BE}.AppStore|iPhone.Build.0 = Release|Any CPU
		{28E95049-4A21-4D76-B853-AF3E92C6A3BE}.AppStore|iPhone.Deploy.0 = Release|Any CPU
		{28E95049-4A21-4D76-B853-AF3E92C6A3BE}.AppStore|iPhoneSimulator.ActiveCfg = Release|Any CPU
		{28E95049-4A21-4D76-B853-AF3E92C6A3BE}.AppStore|iPhoneSimulator.Build.0 = Release|Any CPU
		{28E95049-4A21-4D76-B853-AF3E92C6A3BE}.AppStore|iPhoneSimulator.Deploy.0 = Release|Any CPU
		{28E95049-4A21-4D76-B853-AF3E92C6A3BE}.Debug|Any CPU.ActiveCfg = Debug|Any CPU
		{28E95049-4A21-4D76-B853-AF3E92C6A3BE}.Debug|Any CPU.Build.0 = Debug|Any CPU
		{28E95049-4A21-4D76-B853-AF3E92C6A3BE}.Debug|Any CPU.Deploy.0 = Debug|Any CPU
		{28E95049-4A21-4D76-B853-AF3E92C6A3BE}.Debug|iPhone.ActiveCfg = Debug|Any CPU
		{28E95049-4A21-4D76-B853-AF3E92C6A3BE}.Debug|iPhone.Build.0 = Debug|Any CPU
		{28E95049-4A21-4D76-B853-AF3E92C6A3BE}.Debug|iPhone.Deploy.0 = Debug|Any CPU
		{28E95049-4A21-4D76-B853-AF3E92C6A3BE}.Debug|iPhoneSimulator.ActiveCfg = Debug|Any CPU
		{28E95049-4A21-4D76-B853-AF3E92C6A3BE}.Debug|iPhoneSimulator.Build.0 = Debug|Any CPU
		{28E95049-4A21-4D76-B853-AF3E92C6A3BE}.Debug|iPhoneSimulator.Deploy.0 = Debug|Any CPU
		{28E95049-4A21-4D76-B853-AF3E92C6A3BE}.Release|Any CPU.ActiveCfg = Release|Any CPU
		{28E95049-4A21-4D76-B853-AF3E92C6A3BE}.Release|Any CPU.Build.0 = Release|Any CPU
		{28E95049-4A21-4D76-B853-AF3E92C6A3BE}.Release|Any CPU.Deploy.0 = Release|Any CPU
		{28E95049-4A21-4D76-B853-AF3E92C6A3BE}.Release|iPhone.ActiveCfg = Release|Any CPU
		{28E95049-4A21-4D76-B853-AF3E92C6A3BE}.Release|iPhone.Build.0 = Release|Any CPU
		{28E95049-4A21-4D76-B853-AF3E92C6A3BE}.Release|iPhone.Deploy.0 = Release|Any CPU
		{28E95049-4A21-4D76-B853-AF3E92C6A3BE}.Release|iPhoneSimulator.ActiveCfg = Release|Any CPU
		{28E95049-4A21-4D76-B853-AF3E92C6A3BE}.Release|iPhoneSimulator.Build.0 = Release|Any CPU
		{28E95049-4A21-4D76-B853-AF3E92C6A3BE}.Release|iPhoneSimulator.Deploy.0 = Release|Any CPU
		{31664454-9CD8-452C-9F67-91E4C2D89741}.Ad-Hoc|Any CPU.ActiveCfg = Ad-Hoc|iPhone
		{31664454-9CD8-452C-9F67-91E4C2D89741}.Ad-Hoc|Any CPU.Build.0 = Ad-Hoc|iPhone
		{31664454-9CD8-452C-9F67-91E4C2D89741}.Ad-Hoc|Any CPU.Deploy.0 = Ad-Hoc|iPhone
		{31664454-9CD8-452C-9F67-91E4C2D89741}.Ad-Hoc|iPhone.ActiveCfg = Ad-Hoc|iPhone
		{31664454-9CD8-452C-9F67-91E4C2D89741}.Ad-Hoc|iPhone.Build.0 = Ad-Hoc|iPhone
		{31664454-9CD8-452C-9F67-91E4C2D89741}.Ad-Hoc|iPhone.Deploy.0 = Ad-Hoc|iPhone
		{31664454-9CD8-452C-9F67-91E4C2D89741}.Ad-Hoc|iPhoneSimulator.ActiveCfg = Ad-Hoc|iPhoneSimulator
		{31664454-9CD8-452C-9F67-91E4C2D89741}.Ad-Hoc|iPhoneSimulator.Build.0 = Ad-Hoc|iPhoneSimulator
		{31664454-9CD8-452C-9F67-91E4C2D89741}.Ad-Hoc|iPhoneSimulator.Deploy.0 = Ad-Hoc|iPhoneSimulator
		{31664454-9CD8-452C-9F67-91E4C2D89741}.AppStore|Any CPU.ActiveCfg = AppStore|iPhone
		{31664454-9CD8-452C-9F67-91E4C2D89741}.AppStore|Any CPU.Build.0 = AppStore|iPhone
		{31664454-9CD8-452C-9F67-91E4C2D89741}.AppStore|Any CPU.Deploy.0 = AppStore|iPhone
		{31664454-9CD8-452C-9F67-91E4C2D89741}.AppStore|iPhone.ActiveCfg = AppStore|iPhone
		{31664454-9CD8-452C-9F67-91E4C2D89741}.AppStore|iPhone.Build.0 = AppStore|iPhone
		{31664454-9CD8-452C-9F67-91E4C2D89741}.AppStore|iPhone.Deploy.0 = AppStore|iPhone
		{31664454-9CD8-452C-9F67-91E4C2D89741}.AppStore|iPhoneSimulator.ActiveCfg = AppStore|iPhoneSimulator
		{31664454-9CD8-452C-9F67-91E4C2D89741}.AppStore|iPhoneSimulator.Build.0 = AppStore|iPhoneSimulator
		{31664454-9CD8-452C-9F67-91E4C2D89741}.AppStore|iPhoneSimulator.Deploy.0 = AppStore|iPhoneSimulator
		{31664454-9CD8-452C-9F67-91E4C2D89741}.Debug|Any CPU.ActiveCfg = Debug|iPhoneSimulator
		{31664454-9CD8-452C-9F67-91E4C2D89741}.Debug|Any CPU.Build.0 = Debug|iPhoneSimulator
		{31664454-9CD8-452C-9F67-91E4C2D89741}.Debug|Any CPU.Deploy.0 = Debug|iPhoneSimulator
		{31664454-9CD8-452C-9F67-91E4C2D89741}.Debug|iPhone.ActiveCfg = Debug|iPhone
		{31664454-9CD8-452C-9F67-91E4C2D89741}.Debug|iPhone.Build.0 = Debug|iPhone
		{31664454-9CD8-452C-9F67-91E4C2D89741}.Debug|iPhone.Deploy.0 = Debug|iPhone
		{31664454-9CD8-452C-9F67-91E4C2D89741}.Debug|iPhoneSimulator.ActiveCfg = Debug|iPhoneSimulator
		{31664454-9CD8-452C-9F67-91E4C2D89741}.Debug|iPhoneSimulator.Build.0 = Debug|iPhoneSimulator
		{31664454-9CD8-452C-9F67-91E4C2D89741}.Debug|iPhoneSimulator.Deploy.0 = Debug|iPhoneSimulator
		{31664454-9CD8-452C-9F67-91E4C2D89741}.Release|Any CPU.ActiveCfg = Release|iPhone
		{31664454-9CD8-452C-9F67-91E4C2D89741}.Release|Any CPU.Build.0 = Release|iPhone
		{31664454-9CD8-452C-9F67-91E4C2D89741}.Release|Any CPU.Deploy.0 = Release|iPhone
		{31664454-9CD8-452C-9F67-91E4C2D89741}.Release|iPhone.ActiveCfg = Release|iPhone
		{31664454-9CD8-452C-9F67-91E4C2D89741}.Release|iPhone.Build.0 = Release|iPhone
		{31664454-9CD8-452C-9F67-91E4C2D89741}.Release|iPhone.Deploy.0 = Release|iPhone
		{31664454-9CD8-452C-9F67-91E4C2D89741}.Release|iPhoneSimulator.ActiveCfg = Release|iPhoneSimulator
		{31664454-9CD8-452C-9F67-91E4C2D89741}.Release|iPhoneSimulator.Build.0 = Release|iPhoneSimulator
		{31664454-9CD8-452C-9F67-91E4C2D89741}.Release|iPhoneSimulator.Deploy.0 = Release|iPhoneSimulator
		{B3B34A13-9E39-4DA1-9CBC-C13778B6864C}.Ad-Hoc|Any CPU.ActiveCfg = Debug|Any CPU
		{B3B34A13-9E39-4DA1-9CBC-C13778B6864C}.Ad-Hoc|Any CPU.Build.0 = Debug|Any CPU
		{B3B34A13-9E39-4DA1-9CBC-C13778B6864C}.Ad-Hoc|Any CPU.Deploy.0 = Debug|Any CPU
		{B3B34A13-9E39-4DA1-9CBC-C13778B6864C}.Ad-Hoc|iPhone.ActiveCfg = Debug|Any CPU
		{B3B34A13-9E39-4DA1-9CBC-C13778B6864C}.Ad-Hoc|iPhone.Build.0 = Debug|Any CPU
		{B3B34A13-9E39-4DA1-9CBC-C13778B6864C}.Ad-Hoc|iPhone.Deploy.0 = Debug|Any CPU
		{B3B34A13-9E39-4DA1-9CBC-C13778B6864C}.Ad-Hoc|iPhoneSimulator.ActiveCfg = Debug|Any CPU
		{B3B34A13-9E39-4DA1-9CBC-C13778B6864C}.Ad-Hoc|iPhoneSimulator.Build.0 = Debug|Any CPU
		{B3B34A13-9E39-4DA1-9CBC-C13778B6864C}.Ad-Hoc|iPhoneSimulator.Deploy.0 = Debug|Any CPU
		{B3B34A13-9E39-4DA1-9CBC-C13778B6864C}.AppStore|Any CPU.ActiveCfg = Debug|Any CPU
		{B3B34A13-9E39-4DA1-9CBC-C13778B6864C}.AppStore|Any CPU.Build.0 = Debug|Any CPU
		{B3B34A13-9E39-4DA1-9CBC-C13778B6864C}.AppStore|Any CPU.Deploy.0 = Debug|Any CPU
		{B3B34A13-9E39-4DA1-9CBC-C13778B6864C}.AppStore|iPhone.ActiveCfg = Debug|Any CPU
		{B3B34A13-9E39-4DA1-9CBC-C13778B6864C}.AppStore|iPhone.Build.0 = Debug|Any CPU
		{B3B34A13-9E39-4DA1-9CBC-C13778B6864C}.AppStore|iPhone.Deploy.0 = Debug|Any CPU
		{B3B34A13-9E39-4DA1-9CBC-C13778B6864C}.AppStore|iPhoneSimulator.ActiveCfg = Debug|Any CPU
		{B3B34A13-9E39-4DA1-9CBC-C13778B6864C}.AppStore|iPhoneSimulator.Build.0 = Debug|Any CPU
		{B3B34A13-9E39-4DA1-9CBC-C13778B6864C}.AppStore|iPhoneSimulator.Deploy.0 = Debug|Any CPU
		{B3B34A13-9E39-4DA1-9CBC-C13778B6864C}.Debug|Any CPU.ActiveCfg = Debug|Any CPU
		{B3B34A13-9E39-4DA1-9CBC-C13778B6864C}.Debug|Any CPU.Build.0 = Debug|Any CPU
		{B3B34A13-9E39-4DA1-9CBC-C13778B6864C}.Debug|Any CPU.Deploy.0 = Debug|Any CPU
		{B3B34A13-9E39-4DA1-9CBC-C13778B6864C}.Debug|iPhone.ActiveCfg = Debug|Any CPU
		{B3B34A13-9E39-4DA1-9CBC-C13778B6864C}.Debug|iPhone.Build.0 = Debug|Any CPU
		{B3B34A13-9E39-4DA1-9CBC-C13778B6864C}.Debug|iPhone.Deploy.0 = Debug|Any CPU
		{B3B34A13-9E39-4DA1-9CBC-C13778B6864C}.Debug|iPhoneSimulator.ActiveCfg = Debug|Any CPU
		{B3B34A13-9E39-4DA1-9CBC-C13778B6864C}.Debug|iPhoneSimulator.Build.0 = Debug|Any CPU
		{B3B34A13-9E39-4DA1-9CBC-C13778B6864C}.Debug|iPhoneSimulator.Deploy.0 = Debug|Any CPU
		{B3B34A13-9E39-4DA1-9CBC-C13778B6864C}.Release|Any CPU.ActiveCfg = Release|Any CPU
		{B3B34A13-9E39-4DA1-9CBC-C13778B6864C}.Release|Any CPU.Build.0 = Release|Any CPU
		{B3B34A13-9E39-4DA1-9CBC-C13778B6864C}.Release|Any CPU.Deploy.0 = Release|Any CPU
		{B3B34A13-9E39-4DA1-9CBC-C13778B6864C}.Release|iPhone.ActiveCfg = Release|Any CPU
		{B3B34A13-9E39-4DA1-9CBC-C13778B6864C}.Release|iPhone.Build.0 = Release|Any CPU
		{B3B34A13-9E39-4DA1-9CBC-C13778B6864C}.Release|iPhone.Deploy.0 = Release|Any CPU
		{B3B34A13-9E39-4DA1-9CBC-C13778B6864C}.Release|iPhoneSimulator.ActiveCfg = Release|Any CPU
		{B3B34A13-9E39-4DA1-9CBC-C13778B6864C}.Release|iPhoneSimulator.Build.0 = Release|Any CPU
		{B3B34A13-9E39-4DA1-9CBC-C13778B6864C}.Release|iPhoneSimulator.Deploy.0 = Release|Any CPU
	EndGlobalSection
	GlobalSection(SolutionProperties) = preSolution
		HideSolutionNode = FALSE
	EndGlobalSection
	GlobalSection(ExtensibilityGlobals) = postSolution
		SolutionGuid = {F0FEA440-1F9F-4659-8268-C90589CC8786}
	EndGlobalSection
EndGlobal
